// !$*UTF8*$!
{
	archiveVersion = 1;
	classes = {
	};
	objectVersion = 50;
	objects = {

/* Begin PBXBuildFile section */
		4209120323BE58A4005307F5 /* Teacher.storyboard in Resources */ = {isa = PBXBuildFile; fileRef = 4209120223BE58A4005307F5 /* Teacher.storyboard */; };
		420ACEFA23FE7EB100C64DD1 /* Title6LabelUILabel.swift in Sources */ = {isa = PBXBuildFile; fileRef = 420ACEF923FE7EB100C64DD1 /* Title6LabelUILabel.swift */; };
		420ACEFE23FFD6A400C64DD1 /* RaspisanieModelInfoByTeacher.swift in Sources */ = {isa = PBXBuildFile; fileRef = 420ACEFD23FFD6A400C64DD1 /* RaspisanieModelInfoByTeacher.swift */; };
		420B2DE024238A8600A6BEF9 /* FileModel.swift in Sources */ = {isa = PBXBuildFile; fileRef = 420B2DDF24238A8600A6BEF9 /* FileModel.swift */; };
		420B2DE324238B7600A6BEF9 /* FileHttpService.swift in Sources */ = {isa = PBXBuildFile; fileRef = 420B2DE224238B7600A6BEF9 /* FileHttpService.swift */; };
		420B2DE52423966F00A6BEF9 /* FolderTableViewCell.swift in Sources */ = {isa = PBXBuildFile; fileRef = 420B2DE42423966F00A6BEF9 /* FolderTableViewCell.swift */; };
		420B2DE72424C6AF00A6BEF9 /* FileTableViewCell.swift in Sources */ = {isa = PBXBuildFile; fileRef = 420B2DE62424C6AF00A6BEF9 /* FileTableViewCell.swift */; };
		420B2DE92424C90C00A6BEF9 /* FileToShowModel.swift in Sources */ = {isa = PBXBuildFile; fileRef = 420B2DE82424C90C00A6BEF9 /* FileToShowModel.swift */; };
		420B2DEB2424E22C00A6BEF9 /* FileToShowModelController.swift in Sources */ = {isa = PBXBuildFile; fileRef = 420B2DEA2424E22C00A6BEF9 /* FileToShowModelController.swift */; };
		420B2DED2427EF0400A6BEF9 /* AddButtonUIButton.swift in Sources */ = {isa = PBXBuildFile; fileRef = 420B2DEC2427EF0400A6BEF9 /* AddButtonUIButton.swift */; };
		420B2DEF2428A5B300A6BEF9 /* FileViewController.swift in Sources */ = {isa = PBXBuildFile; fileRef = 420B2DEE2428A5B300A6BEF9 /* FileViewController.swift */; };
		420B2DF12428E34A00A6BEF9 /* FileDirectoryModel.swift in Sources */ = {isa = PBXBuildFile; fileRef = 420B2DF02428E34A00A6BEF9 /* FileDirectoryModel.swift */; };
		420B2DF62428F5E500A6BEF9 /* FileInFolderViewController.swift in Sources */ = {isa = PBXBuildFile; fileRef = 420B2DF52428F5E500A6BEF9 /* FileInFolderViewController.swift */; };
		420F9D1D23EC11D30096DAB7 /* ErrorViewUIView.swift in Sources */ = {isa = PBXBuildFile; fileRef = 420F9D1C23EC11D30096DAB7 /* ErrorViewUIView.swift */; };
		4214FDC123AF96EA00F543C9 /* DayRaspisUIView.swift in Sources */ = {isa = PBXBuildFile; fileRef = 4214FDC023AF96EA00F543C9 /* DayRaspisUIView.swift */; };
		4214FDC523B12EDD00F543C9 /* WeekRaspisanieController.swift in Sources */ = {isa = PBXBuildFile; fileRef = 4214FDC423B12EDD00F543C9 /* WeekRaspisanieController.swift */; };
		421BABE324460C330000C8C3 /* StudentPortfolioTableViewController.swift in Sources */ = {isa = PBXBuildFile; fileRef = 421BABE224460C330000C8C3 /* StudentPortfolioTableViewController.swift */; };
		421BABE724461A0D0000C8C3 /* StudentPortfolioHttpService.swift in Sources */ = {isa = PBXBuildFile; fileRef = 421BABE624461A0D0000C8C3 /* StudentPortfolioHttpService.swift */; };
		4241408023F13BD700408F9B /* HTTPServicePasswordChanged.swift in Sources */ = {isa = PBXBuildFile; fileRef = 4241407F23F13BD700408F9B /* HTTPServicePasswordChanged.swift */; };
		424525D0238ED431008C5EBD /* AppDelegate.swift in Sources */ = {isa = PBXBuildFile; fileRef = 424525CF238ED431008C5EBD /* AppDelegate.swift */; };
		424525D2238ED431008C5EBD /* SceneDelegate.swift in Sources */ = {isa = PBXBuildFile; fileRef = 424525D1238ED431008C5EBD /* SceneDelegate.swift */; };
		424525D4238ED431008C5EBD /* LoginViewController.swift in Sources */ = {isa = PBXBuildFile; fileRef = 424525D3238ED431008C5EBD /* LoginViewController.swift */; };
		424525D7238ED431008C5EBD /* Main.storyboard in Resources */ = {isa = PBXBuildFile; fileRef = 424525D5238ED431008C5EBD /* Main.storyboard */; };
		424525D9238ED435008C5EBD /* Assets.xcassets in Resources */ = {isa = PBXBuildFile; fileRef = 424525D8238ED435008C5EBD /* Assets.xcassets */; };
		424525DC238ED435008C5EBD /* LaunchScreen.storyboard in Resources */ = {isa = PBXBuildFile; fileRef = 424525DA238ED435008C5EBD /* LaunchScreen.storyboard */; };
		424525E4238ED814008C5EBD /* HomeTableVIewControllerTableViewController.swift in Sources */ = {isa = PBXBuildFile; fileRef = 424525E3238ED814008C5EBD /* HomeTableVIewControllerTableViewController.swift */; };
		424525E6238EE133008C5EBD /* Title1LabelUILabel.swift in Sources */ = {isa = PBXBuildFile; fileRef = 424525E5238EE133008C5EBD /* Title1LabelUILabel.swift */; };
		424525E8238EE8FF008C5EBD /* Title2LabelUILabel.swift in Sources */ = {isa = PBXBuildFile; fileRef = 424525E7238EE8FF008C5EBD /* Title2LabelUILabel.swift */; };
		424525EA238FBB1D008C5EBD /* InputButton1UIButton.swift in Sources */ = {isa = PBXBuildFile; fileRef = 424525E9238FBB1D008C5EBD /* InputButton1UIButton.swift */; };
		424525EC238FCB81008C5EBD /* LoginTextFieldUITextField.swift in Sources */ = {isa = PBXBuildFile; fileRef = 424525EB238FCB80008C5EBD /* LoginTextFieldUITextField.swift */; };
		4245396F2399623200126ED6 /* CloseViewUIView.swift in Sources */ = {isa = PBXBuildFile; fileRef = 4245396E2399623200126ED6 /* CloseViewUIView.swift */; };
		42453971239A518E00126ED6 /* SystemColor.swift in Sources */ = {isa = PBXBuildFile; fileRef = 42453970239A518E00126ED6 /* SystemColor.swift */; };
		42453973239AD8CB00126ED6 /* PasswordChangeViewController.swift in Sources */ = {isa = PBXBuildFile; fileRef = 42453972239AD8CB00126ED6 /* PasswordChangeViewController.swift */; };
		42453975239BED7200126ED6 /* PasswordChangeController.swift in Sources */ = {isa = PBXBuildFile; fileRef = 42453974239BED7200126ED6 /* PasswordChangeController.swift */; };
		4247D4FB2417A3C900A1DBD2 /* CardInCellBlueUIView.swift in Sources */ = {isa = PBXBuildFile; fileRef = 4247D4FA2417A3C900A1DBD2 /* CardInCellBlueUIView.swift */; };
		4248818523C9D0EE003BB98F /* TableRaspisanieByTeacherUIView.swift in Sources */ = {isa = PBXBuildFile; fileRef = 4248818423C9D0EE003BB98F /* TableRaspisanieByTeacherUIView.swift */; };
		4248818723C9D6DF003BB98F /* RspByTeacherUIVIew.swift in Sources */ = {isa = PBXBuildFile; fileRef = 4248818623C9D6DF003BB98F /* RspByTeacherUIVIew.swift */; };
		4248818923CA19AC003BB98F /* UserTitleUILabel.swift in Sources */ = {isa = PBXBuildFile; fileRef = 4248818823CA19AC003BB98F /* UserTitleUILabel.swift */; };
		424DE36723C3846F00389B53 /* ClassesTeacherUIView.swift in Sources */ = {isa = PBXBuildFile; fileRef = 424DE36623C3846F00389B53 /* ClassesTeacherUIView.swift */; };
		424DE36923C398EA00389B53 /* SystemDevice.swift in Sources */ = {isa = PBXBuildFile; fileRef = 424DE36823C398EA00389B53 /* SystemDevice.swift */; };
		424DE36F23C6477200389B53 /* HomeTableTeacerController.swift in Sources */ = {isa = PBXBuildFile; fileRef = 424DE36E23C6477200389B53 /* HomeTableTeacerController.swift */; };
		424DE37123C6563B00389B53 /* Title4LabelUILabel.swift in Sources */ = {isa = PBXBuildFile; fileRef = 424DE37023C6563B00389B53 /* Title4LabelUILabel.swift */; };
		424DE37323C65EC400389B53 /* RaspisanieExamModel.swift in Sources */ = {isa = PBXBuildFile; fileRef = 424DE37223C65EC400389B53 /* RaspisanieExamModel.swift */; };
		4251AC772440E9400071F478 /* TeacherFilesViewController.swift in Sources */ = {isa = PBXBuildFile; fileRef = 4251AC762440E9400071F478 /* TeacherFilesViewController.swift */; };
		42524D5823E1980F00D9B97E /* UspevStructDataByObject.swift in Sources */ = {isa = PBXBuildFile; fileRef = 42524D5723E1980F00D9B97E /* UspevStructDataByObject.swift */; };
		42524D5A23E4248400D9B97E /* UspevByObjTableViewCell.swift in Sources */ = {isa = PBXBuildFile; fileRef = 42524D5923E4248400D9B97E /* UspevByObjTableViewCell.swift */; };
		425467FC2397B656001D26AA /* KeySessionController.swift in Sources */ = {isa = PBXBuildFile; fileRef = 425467FB2397B656001D26AA /* KeySessionController.swift */; };
		425467FE2398E9E2001D26AA /* UserDataController.swift in Sources */ = {isa = PBXBuildFile; fileRef = 425467FD2398E9E2001D26AA /* UserDataController.swift */; };
		425468012398ED18001D26AA /* UserLoginData.swift in Sources */ = {isa = PBXBuildFile; fileRef = 425468002398ED18001D26AA /* UserLoginData.swift */; };
		426AD0DF2391456A003362B1 /* UserLogin.swift in Sources */ = {isa = PBXBuildFile; fileRef = 426AD0DE2391456A003362B1 /* UserLogin.swift */; };
		426AD0E323914961003362B1 /* UserModel.swift in Sources */ = {isa = PBXBuildFile; fileRef = 426AD0E223914961003362B1 /* UserModel.swift */; };
		426AD0E523914AC4003362B1 /* HttpService.swift in Sources */ = {isa = PBXBuildFile; fileRef = 426AD0E423914AC4003362B1 /* HttpService.swift */; };
		426AD0E723917617003362B1 /* LoginController.swift in Sources */ = {isa = PBXBuildFile; fileRef = 426AD0E623917617003362B1 /* LoginController.swift */; };
		426AD0EB23940F22003362B1 /* ErrorLabel.swift in Sources */ = {isa = PBXBuildFile; fileRef = 426AD0EA23940F22003362B1 /* ErrorLabel.swift */; };
		429E90DB243E1E6F00416ABD /* UploadUIView.swift in Sources */ = {isa = PBXBuildFile; fileRef = 429E90DA243E1E6F00416ABD /* UploadUIView.swift */; };
		429E90E12440947800416ABD /* StudentGroupViewController.swift in Sources */ = {isa = PBXBuildFile; fileRef = 429E90E02440947800416ABD /* StudentGroupViewController.swift */; };
		429E90E6244095A900416ABD /* UserIcoUILabel.swift in Sources */ = {isa = PBXBuildFile; fileRef = 429E90E5244095A900416ABD /* UserIcoUILabel.swift */; };
		429E90E8244097B900416ABD /* SudentInGroupTableViewCell.swift in Sources */ = {isa = PBXBuildFile; fileRef = 429E90E7244097B900416ABD /* SudentInGroupTableViewCell.swift */; };
		42A698632413CC8D00278683 /* CardInCellUIView.swift in Sources */ = {isa = PBXBuildFile; fileRef = 42A698622413CC8D00278683 /* CardInCellUIView.swift */; };
		42A6D963243B3CD400333B7B /* IcoButtonUIButton.swift in Sources */ = {isa = PBXBuildFile; fileRef = 42A6D962243B3CD400333B7B /* IcoButtonUIButton.swift */; };
		42A75FD223A14A240083B3EC /* TableRaspisanieUIView.swift in Sources */ = {isa = PBXBuildFile; fileRef = 42A75FD123A14A240083B3EC /* TableRaspisanieUIView.swift */; };
		42A75FD423A14D8C0083B3EC /* RaspisanieModel.swift in Sources */ = {isa = PBXBuildFile; fileRef = 42A75FD323A14D8C0083B3EC /* RaspisanieModel.swift */; };
		42A75FD623A152610083B3EC /* HttpServiceRaspisanie.swift in Sources */ = {isa = PBXBuildFile; fileRef = 42A75FD523A152610083B3EC /* HttpServiceRaspisanie.swift */; };
		42A8315B23BFA4F80012BC66 /* MainTableTeacherViewController.swift in Sources */ = {isa = PBXBuildFile; fileRef = 42A8315A23BFA4F80012BC66 /* MainTableTeacherViewController.swift */; };
		42A8315D23BFB1990012BC66 /* TableRaspisanieTeacerViewController.swift in Sources */ = {isa = PBXBuildFile; fileRef = 42A8315C23BFB1990012BC66 /* TableRaspisanieTeacerViewController.swift */; };
		42A8315F23C0B5280012BC66 /* RaspisanieModelTeacher.swift in Sources */ = {isa = PBXBuildFile; fileRef = 42A8315E23C0B5280012BC66 /* RaspisanieModelTeacher.swift */; };
		42A8316223C0B8690012BC66 /* HttpServiceRaspisanieTeacher.swift in Sources */ = {isa = PBXBuildFile; fileRef = 42A8316123C0B8690012BC66 /* HttpServiceRaspisanieTeacher.swift */; };
		42A8316423C10F540012BC66 /* DayliRaspisPrepodUIView.swift in Sources */ = {isa = PBXBuildFile; fileRef = 42A8316323C10F540012BC66 /* DayliRaspisPrepodUIView.swift */; };
		42AA02A4240D07CA006F0FDA /* PortfolioViewTableViewController.swift in Sources */ = {isa = PBXBuildFile; fileRef = 42AA02A3240D07CA006F0FDA /* PortfolioViewTableViewController.swift */; };
		42AA02A8240E5184006F0FDA /* PorfolioHttpService.swift in Sources */ = {isa = PBXBuildFile; fileRef = 42AA02A7240E5184006F0FDA /* PorfolioHttpService.swift */; };
		42AA02AA240E5261006F0FDA /* PortfolioModel.swift in Sources */ = {isa = PBXBuildFile; fileRef = 42AA02A9240E5261006F0FDA /* PortfolioModel.swift */; };
		42AA02AC240E600F006F0FDA /* AboutViewCell.swift in Sources */ = {isa = PBXBuildFile; fileRef = 42AA02AB240E600F006F0FDA /* AboutViewCell.swift */; };
		42AA02AE240E605D006F0FDA /* InfoPortfolioTableViewCell.swift in Sources */ = {isa = PBXBuildFile; fileRef = 42AA02AD240E605D006F0FDA /* InfoPortfolioTableViewCell.swift */; };
		42AA02B0240E606C006F0FDA /* EducatioTableViewCell.swift in Sources */ = {isa = PBXBuildFile; fileRef = 42AA02AF240E606C006F0FDA /* EducatioTableViewCell.swift */; };
		42AA02B2240E609C006F0FDA /* WorkTableViewCell.swift in Sources */ = {isa = PBXBuildFile; fileRef = 42AA02B1240E609C006F0FDA /* WorkTableViewCell.swift */; };
		42AA02B4240E7164006F0FDA /* Title4WLabelUILabel.swift in Sources */ = {isa = PBXBuildFile; fileRef = 42AA02B3240E7164006F0FDA /* Title4WLabelUILabel.swift */; };
		42AEAD5624191E35005430D2 /* PortfolioController.swift in Sources */ = {isa = PBXBuildFile; fileRef = 42AEAD5524191E35005430D2 /* PortfolioController.swift */; };
		42AEAD5A241A21B5005430D2 /* PortfolioWorkEditTableViewController.swift in Sources */ = {isa = PBXBuildFile; fileRef = 42AEAD59241A21B5005430D2 /* PortfolioWorkEditTableViewController.swift */; };
		42AEAD5C241AA5CC005430D2 /* DoneButtonUIButton.swift in Sources */ = {isa = PBXBuildFile; fileRef = 42AEAD5B241AA5CC005430D2 /* DoneButtonUIButton.swift */; };
		42AEAD5E241AA644005430D2 /* CancelButtonUIButton.swift in Sources */ = {isa = PBXBuildFile; fileRef = 42AEAD5D241AA644005430D2 /* CancelButtonUIButton.swift */; };
		42B21D5923D49D6600E1EC17 /* Title5LabelUILabel.swift in Sources */ = {isa = PBXBuildFile; fileRef = 42B21D5823D49D6600E1EC17 /* Title5LabelUILabel.swift */; };
		42B21D5F23D608F800E1EC17 /* UspevTableViewController.swift in Sources */ = {isa = PBXBuildFile; fileRef = 42B21D5E23D608F800E1EC17 /* UspevTableViewController.swift */; };
		42B21D6223D60BA200E1EC17 /* HttpServiceUspev.swift in Sources */ = {isa = PBXBuildFile; fileRef = 42B21D6123D60BA200E1EC17 /* HttpServiceUspev.swift */; };
		42B21D6423D75E9100E1EC17 /* UspevModel.swift in Sources */ = {isa = PBXBuildFile; fileRef = 42B21D6323D75E9100E1EC17 /* UspevModel.swift */; };
		42B21D6623D778A200E1EC17 /* UspevTableViewCell.swift in Sources */ = {isa = PBXBuildFile; fileRef = 42B21D6523D778A200E1EC17 /* UspevTableViewCell.swift */; };
		42B28888244468EA00D702DE /* StudentInfoTableViewController.swift in Sources */ = {isa = PBXBuildFile; fileRef = 42B28887244468EA00D702DE /* StudentInfoTableViewController.swift */; };
		42B4A27A24324D330026F526 /* CountLabelUILabel.swift in Sources */ = {isa = PBXBuildFile; fileRef = 42B4A27924324D330026F526 /* CountLabelUILabel.swift */; };
		42B7C86223DB505600BA320B /* UspevStructData.swift in Sources */ = {isa = PBXBuildFile; fileRef = 42B7C86123DB505600BA320B /* UspevStructData.swift */; };
		42BA287E239D16FC00ED1D3F /* MainTableViewController.swift in Sources */ = {isa = PBXBuildFile; fileRef = 42BA287D239D16FC00ED1D3F /* MainTableViewController.swift */; };
		42BE877F240FE01800CF6A84 /* EditingTextFieldUITextField.swift in Sources */ = {isa = PBXBuildFile; fileRef = 42BE877E240FE01800CF6A84 /* EditingTextFieldUITextField.swift */; };
		42BFCFC9243382DD0018D6D5 /* DetailFileReviewTableViewController.swift in Sources */ = {isa = PBXBuildFile; fileRef = 42BFCFC8243382DD0018D6D5 /* DetailFileReviewTableViewController.swift */; };
		42BFCFCB2433833E0018D6D5 /* DetalFileMainViewController.swift in Sources */ = {isa = PBXBuildFile; fileRef = 42BFCFCA2433833E0018D6D5 /* DetalFileMainViewController.swift */; };
		42BFCFCF2434EC950018D6D5 /* UploadFileTableViewController.swift in Sources */ = {isa = PBXBuildFile; fileRef = 42BFCFCE2434EC950018D6D5 /* UploadFileTableViewController.swift */; };
		42CB259B23CF37FA007DEA69 /* InfioTeacherTableViewController.swift in Sources */ = {isa = PBXBuildFile; fileRef = 42CB259A23CF37FA007DEA69 /* InfioTeacherTableViewController.swift */; };
		42CB259D23CF8C11007DEA69 /* MessegeButtonUIButton.swift in Sources */ = {isa = PBXBuildFile; fileRef = 42CB259C23CF8C11007DEA69 /* MessegeButtonUIButton.swift */; };
		42CBAEF324438012006C3ED6 /* TeacherFileHTTPService.swift in Sources */ = {isa = PBXBuildFile; fileRef = 42CBAEF224438012006C3ED6 /* TeacherFileHTTPService.swift */; };
		42CDC01B23B7DEE500A86A42 /* ClassesUIView.swift in Sources */ = {isa = PBXBuildFile; fileRef = 42CDC01A23B7DEE500A86A42 /* ClassesUIView.swift */; };
		42CDC01D23B7E82600A86A42 /* Title3LabelUILabel.swift in Sources */ = {isa = PBXBuildFile; fileRef = 42CDC01C23B7E82600A86A42 /* Title3LabelUILabel.swift */; };
		42D41BF423C7156A0077DE0C /* TableRaspisanieExamsUIVIew.swift in Sources */ = {isa = PBXBuildFile; fileRef = 42D41BF323C7156A0077DE0C /* TableRaspisanieExamsUIVIew.swift */; };
		42D41BF823C71B9B0077DE0C /* TitleT1WLabelUILabel.swift in Sources */ = {isa = PBXBuildFile; fileRef = 42D41BF723C71B9B0077DE0C /* TitleT1WLabelUILabel.swift */; };
		42D41BFA23C758AF0077DE0C /* ExamUIView.swift in Sources */ = {isa = PBXBuildFile; fileRef = 42D41BF923C758AF0077DE0C /* ExamUIView.swift */; };
		42D485F624042EA200648253 /* InfoRaspisanieGroupTableViewController.swift in Sources */ = {isa = PBXBuildFile; fileRef = 42D485F524042EA200648253 /* InfoRaspisanieGroupTableViewController.swift */; };
		42D485F824042F2F00648253 /* RaspisanieGroupInfo.swift in Sources */ = {isa = PBXBuildFile; fileRef = 42D485F724042F2F00648253 /* RaspisanieGroupInfo.swift */; };
		42D5F0B32441EABC00BDFF29 /* TeacherFileInFolderViewController.swift in Sources */ = {isa = PBXBuildFile; fileRef = 42D5F0B22441EABC00BDFF29 /* TeacherFileInFolderViewController.swift */; };
		42D5F0B72441FC9300BDFF29 /* SearchStudentHttpService.swift in Sources */ = {isa = PBXBuildFile; fileRef = 42D5F0B62441FC9300BDFF29 /* SearchStudentHttpService.swift */; };
		42D5F0BA244200C700BDFF29 /* StudentInGroupModel.swift in Sources */ = {isa = PBXBuildFile; fileRef = 42D5F0B9244200C700BDFF29 /* StudentInGroupModel.swift */; };
		42D5F0BD244311CE00BDFF29 /* TeacherDetailFileInfoTableViewController.swift in Sources */ = {isa = PBXBuildFile; fileRef = 42D5F0BC244311CE00BDFF29 /* TeacherDetailFileInfoTableViewController.swift */; };
		42DE33732409188200139FB8 /* ShowMoreUIButton.swift in Sources */ = {isa = PBXBuildFile; fileRef = 42DE33722409188200139FB8 /* ShowMoreUIButton.swift */; };
		42DE3375240AA45500139FB8 /* ObjectRspByGroupTableViewCell.swift in Sources */ = {isa = PBXBuildFile; fileRef = 42DE3374240AA45500139FB8 /* ObjectRspByGroupTableViewCell.swift */; };
		42DEC2E923FA80C70026425A /* NewPassModel.swift in Sources */ = {isa = PBXBuildFile; fileRef = 42DEC2E823FA80C70026425A /* NewPassModel.swift */; };
		42DEC2EE23FBEC9A0026425A /* InfioTableViewCell.swift in Sources */ = {isa = PBXBuildFile; fileRef = 42DEC2ED23FBEC9A0026425A /* InfioTableViewCell.swift */; };
		42DEC2F023FBECB60026425A /* RaspisanieTableViewCell.swift in Sources */ = {isa = PBXBuildFile; fileRef = 42DEC2EF23FBECB60026425A /* RaspisanieTableViewCell.swift */; };
		42E69FC6242BD7DA003DAC2A /* InfoTextViewUITextView.swift in Sources */ = {isa = PBXBuildFile; fileRef = 42E69FC5242BD7DA003DAC2A /* InfoTextViewUITextView.swift */; };
		42E69FCA242CA687003DAC2A /* DetailFileHttpService.swift in Sources */ = {isa = PBXBuildFile; fileRef = 42E69FC9242CA687003DAC2A /* DetailFileHttpService.swift */; };
		42E69FCD242E4E99003DAC2A /* DescModel.swift in Sources */ = {isa = PBXBuildFile; fileRef = 42E69FCC242E4E99003DAC2A /* DescModel.swift */; };
		42E69FD0242E5432003DAC2A /* FileDetalController.swift in Sources */ = {isa = PBXBuildFile; fileRef = 42E69FCF242E5432003DAC2A /* FileDetalController.swift */; };
		42EEE9D0242B5C0F00EC2D80 /* Title7LabelUILabel.swift in Sources */ = {isa = PBXBuildFile; fileRef = 42EEE9CF242B5C0F00EC2D80 /* Title7LabelUILabel.swift */; };
		42EEE9D3242B6C9D00EC2D80 /* DetalFileInfoTableViewController.swift in Sources */ = {isa = PBXBuildFile; fileRef = 42EEE9D2242B6C9D00EC2D80 /* DetalFileInfoTableViewController.swift */; };
		42F2603C2438E8CB0027451D /* UploadFileHTTPService.swift in Sources */ = {isa = PBXBuildFile; fileRef = 42F2603B2438E8CB0027451D /* UploadFileHTTPService.swift */; };
		42F2603E2438EA2C0027451D /* UploadFileModel.swift in Sources */ = {isa = PBXBuildFile; fileRef = 42F2603D2438EA2C0027451D /* UploadFileModel.swift */; };
		42F260402438F2CA0027451D /* UploadFileController.swift in Sources */ = {isa = PBXBuildFile; fileRef = 42F2603F2438F2CA0027451D /* UploadFileController.swift */; };
		42F672FE241D4E8A00865044 /* PortfolioEducationTableViewController.swift in Sources */ = {isa = PBXBuildFile; fileRef = 42F672FD241D4E8A00865044 /* PortfolioEducationTableViewController.swift */; };
		42F67303241EBA1800865044 /* PortfolioInfoEditTableViewController.swift in Sources */ = {isa = PBXBuildFile; fileRef = 42F67302241EBA1800865044 /* PortfolioInfoEditTableViewController.swift */; };
		42FC7B2B23CD08F600855FAD /* TableRaspisanieByGroupUIView.swift in Sources */ = {isa = PBXBuildFile; fileRef = 42FC7B2A23CD08F600855FAD /* TableRaspisanieByGroupUIView.swift */; };
		42FC7B2D23CDC57800855FAD /* RspByGroupUIVIew.swift in Sources */ = {isa = PBXBuildFile; fileRef = 42FC7B2C23CDC57800855FAD /* RspByGroupUIVIew.swift */; };
/* End PBXBuildFile section */

/* Begin PBXFileReference section */
		4209120223BE58A4005307F5 /* Teacher.storyboard */ = {isa = PBXFileReference; lastKnownFileType = file.storyboard; path = Teacher.storyboard; sourceTree = "<group>"; };
		420ACEF923FE7EB100C64DD1 /* Title6LabelUILabel.swift */ = {isa = PBXFileReference; lastKnownFileType = sourcecode.swift; path = Title6LabelUILabel.swift; sourceTree = "<group>"; };
		420ACEFD23FFD6A400C64DD1 /* RaspisanieModelInfoByTeacher.swift */ = {isa = PBXFileReference; lastKnownFileType = sourcecode.swift; path = RaspisanieModelInfoByTeacher.swift; sourceTree = "<group>"; };
		420B2DDF24238A8600A6BEF9 /* FileModel.swift */ = {isa = PBXFileReference; lastKnownFileType = sourcecode.swift; path = FileModel.swift; sourceTree = "<group>"; };
		420B2DE224238B7600A6BEF9 /* FileHttpService.swift */ = {isa = PBXFileReference; lastKnownFileType = sourcecode.swift; path = FileHttpService.swift; sourceTree = "<group>"; };
		420B2DE42423966F00A6BEF9 /* FolderTableViewCell.swift */ = {isa = PBXFileReference; lastKnownFileType = sourcecode.swift; path = FolderTableViewCell.swift; sourceTree = "<group>"; };
		420B2DE62424C6AF00A6BEF9 /* FileTableViewCell.swift */ = {isa = PBXFileReference; lastKnownFileType = sourcecode.swift; path = FileTableViewCell.swift; sourceTree = "<group>"; };
		420B2DE82424C90C00A6BEF9 /* FileToShowModel.swift */ = {isa = PBXFileReference; lastKnownFileType = sourcecode.swift; path = FileToShowModel.swift; sourceTree = "<group>"; };
		420B2DEA2424E22C00A6BEF9 /* FileToShowModelController.swift */ = {isa = PBXFileReference; lastKnownFileType = sourcecode.swift; path = FileToShowModelController.swift; sourceTree = "<group>"; };
		420B2DEC2427EF0400A6BEF9 /* AddButtonUIButton.swift */ = {isa = PBXFileReference; lastKnownFileType = sourcecode.swift; path = AddButtonUIButton.swift; sourceTree = "<group>"; };
		420B2DEE2428A5B300A6BEF9 /* FileViewController.swift */ = {isa = PBXFileReference; lastKnownFileType = sourcecode.swift; path = FileViewController.swift; sourceTree = "<group>"; };
		420B2DF02428E34A00A6BEF9 /* FileDirectoryModel.swift */ = {isa = PBXFileReference; lastKnownFileType = sourcecode.swift; path = FileDirectoryModel.swift; sourceTree = "<group>"; };
		420B2DF52428F5E500A6BEF9 /* FileInFolderViewController.swift */ = {isa = PBXFileReference; lastKnownFileType = sourcecode.swift; path = FileInFolderViewController.swift; sourceTree = "<group>"; };
		420F9D1C23EC11D30096DAB7 /* ErrorViewUIView.swift */ = {isa = PBXFileReference; lastKnownFileType = sourcecode.swift; path = ErrorViewUIView.swift; sourceTree = "<group>"; };
		4214FDC023AF96EA00F543C9 /* DayRaspisUIView.swift */ = {isa = PBXFileReference; lastKnownFileType = sourcecode.swift; path = DayRaspisUIView.swift; sourceTree = "<group>"; };
		4214FDC423B12EDD00F543C9 /* WeekRaspisanieController.swift */ = {isa = PBXFileReference; lastKnownFileType = sourcecode.swift; path = WeekRaspisanieController.swift; sourceTree = "<group>"; };
		421BABE224460C330000C8C3 /* StudentPortfolioTableViewController.swift */ = {isa = PBXFileReference; lastKnownFileType = sourcecode.swift; path = StudentPortfolioTableViewController.swift; sourceTree = "<group>"; };
		421BABE624461A0D0000C8C3 /* StudentPortfolioHttpService.swift */ = {isa = PBXFileReference; lastKnownFileType = sourcecode.swift; path = StudentPortfolioHttpService.swift; sourceTree = "<group>"; };
		4241407F23F13BD700408F9B /* HTTPServicePasswordChanged.swift */ = {isa = PBXFileReference; lastKnownFileType = sourcecode.swift; path = HTTPServicePasswordChanged.swift; sourceTree = "<group>"; };
		424525CC238ED431008C5EBD /* МАДИ.app */ = {isa = PBXFileReference; explicitFileType = wrapper.application; includeInIndex = 0; path = "МАДИ.app"; sourceTree = BUILT_PRODUCTS_DIR; };
		424525CF238ED431008C5EBD /* AppDelegate.swift */ = {isa = PBXFileReference; lastKnownFileType = sourcecode.swift; path = AppDelegate.swift; sourceTree = "<group>"; };
		424525D1238ED431008C5EBD /* SceneDelegate.swift */ = {isa = PBXFileReference; lastKnownFileType = sourcecode.swift; path = SceneDelegate.swift; sourceTree = "<group>"; };
		424525D3238ED431008C5EBD /* LoginViewController.swift */ = {isa = PBXFileReference; lastKnownFileType = sourcecode.swift; path = LoginViewController.swift; sourceTree = "<group>"; };
		424525D6238ED431008C5EBD /* Base */ = {isa = PBXFileReference; lastKnownFileType = file.storyboard; name = Base; path = Base.lproj/Main.storyboard; sourceTree = "<group>"; };
		424525D8238ED435008C5EBD /* Assets.xcassets */ = {isa = PBXFileReference; lastKnownFileType = folder.assetcatalog; path = Assets.xcassets; sourceTree = "<group>"; };
		424525DB238ED435008C5EBD /* Base */ = {isa = PBXFileReference; lastKnownFileType = file.storyboard; name = Base; path = Base.lproj/LaunchScreen.storyboard; sourceTree = "<group>"; };
		424525DD238ED435008C5EBD /* Info.plist */ = {isa = PBXFileReference; lastKnownFileType = text.plist.xml; path = Info.plist; sourceTree = "<group>"; };
		424525E3238ED814008C5EBD /* HomeTableVIewControllerTableViewController.swift */ = {isa = PBXFileReference; lastKnownFileType = sourcecode.swift; path = HomeTableVIewControllerTableViewController.swift; sourceTree = "<group>"; };
		424525E5238EE133008C5EBD /* Title1LabelUILabel.swift */ = {isa = PBXFileReference; lastKnownFileType = sourcecode.swift; path = Title1LabelUILabel.swift; sourceTree = "<group>"; };
		424525E7238EE8FF008C5EBD /* Title2LabelUILabel.swift */ = {isa = PBXFileReference; lastKnownFileType = sourcecode.swift; path = Title2LabelUILabel.swift; sourceTree = "<group>"; };
		424525E9238FBB1D008C5EBD /* InputButton1UIButton.swift */ = {isa = PBXFileReference; lastKnownFileType = sourcecode.swift; path = InputButton1UIButton.swift; sourceTree = "<group>"; };
		424525EB238FCB80008C5EBD /* LoginTextFieldUITextField.swift */ = {isa = PBXFileReference; lastKnownFileType = sourcecode.swift; path = LoginTextFieldUITextField.swift; sourceTree = "<group>"; };
		4245396E2399623200126ED6 /* CloseViewUIView.swift */ = {isa = PBXFileReference; lastKnownFileType = sourcecode.swift; path = CloseViewUIView.swift; sourceTree = "<group>"; };
		42453970239A518E00126ED6 /* SystemColor.swift */ = {isa = PBXFileReference; lastKnownFileType = sourcecode.swift; path = SystemColor.swift; sourceTree = "<group>"; };
		42453972239AD8CB00126ED6 /* PasswordChangeViewController.swift */ = {isa = PBXFileReference; lastKnownFileType = sourcecode.swift; path = PasswordChangeViewController.swift; sourceTree = "<group>"; };
		42453974239BED7200126ED6 /* PasswordChangeController.swift */ = {isa = PBXFileReference; lastKnownFileType = sourcecode.swift; path = PasswordChangeController.swift; sourceTree = "<group>"; };
		4247D4FA2417A3C900A1DBD2 /* CardInCellBlueUIView.swift */ = {isa = PBXFileReference; lastKnownFileType = sourcecode.swift; path = CardInCellBlueUIView.swift; sourceTree = "<group>"; };
		4248818423C9D0EE003BB98F /* TableRaspisanieByTeacherUIView.swift */ = {isa = PBXFileReference; lastKnownFileType = sourcecode.swift; path = TableRaspisanieByTeacherUIView.swift; sourceTree = "<group>"; };
		4248818623C9D6DF003BB98F /* RspByTeacherUIVIew.swift */ = {isa = PBXFileReference; lastKnownFileType = sourcecode.swift; path = RspByTeacherUIVIew.swift; sourceTree = "<group>"; };
		4248818823CA19AC003BB98F /* UserTitleUILabel.swift */ = {isa = PBXFileReference; lastKnownFileType = sourcecode.swift; path = UserTitleUILabel.swift; sourceTree = "<group>"; };
		424DE36623C3846F00389B53 /* ClassesTeacherUIView.swift */ = {isa = PBXFileReference; lastKnownFileType = sourcecode.swift; path = ClassesTeacherUIView.swift; sourceTree = "<group>"; };
		424DE36823C398EA00389B53 /* SystemDevice.swift */ = {isa = PBXFileReference; lastKnownFileType = sourcecode.swift; path = SystemDevice.swift; sourceTree = "<group>"; };
		424DE36E23C6477200389B53 /* HomeTableTeacerController.swift */ = {isa = PBXFileReference; lastKnownFileType = sourcecode.swift; path = HomeTableTeacerController.swift; sourceTree = "<group>"; };
		424DE37023C6563B00389B53 /* Title4LabelUILabel.swift */ = {isa = PBXFileReference; lastKnownFileType = sourcecode.swift; path = Title4LabelUILabel.swift; sourceTree = "<group>"; };
		424DE37223C65EC400389B53 /* RaspisanieExamModel.swift */ = {isa = PBXFileReference; lastKnownFileType = sourcecode.swift; path = RaspisanieExamModel.swift; sourceTree = "<group>"; };
		4251AC762440E9400071F478 /* TeacherFilesViewController.swift */ = {isa = PBXFileReference; lastKnownFileType = sourcecode.swift; path = TeacherFilesViewController.swift; sourceTree = "<group>"; };
		42524D5723E1980F00D9B97E /* UspevStructDataByObject.swift */ = {isa = PBXFileReference; lastKnownFileType = sourcecode.swift; path = UspevStructDataByObject.swift; sourceTree = "<group>"; };
		42524D5923E4248400D9B97E /* UspevByObjTableViewCell.swift */ = {isa = PBXFileReference; lastKnownFileType = sourcecode.swift; path = UspevByObjTableViewCell.swift; sourceTree = "<group>"; };
		425467FB2397B656001D26AA /* KeySessionController.swift */ = {isa = PBXFileReference; lastKnownFileType = sourcecode.swift; path = KeySessionController.swift; sourceTree = "<group>"; };
		425467FD2398E9E2001D26AA /* UserDataController.swift */ = {isa = PBXFileReference; lastKnownFileType = sourcecode.swift; path = UserDataController.swift; sourceTree = "<group>"; };
		425468002398ED18001D26AA /* UserLoginData.swift */ = {isa = PBXFileReference; lastKnownFileType = sourcecode.swift; path = UserLoginData.swift; sourceTree = "<group>"; };
		426AD0DE2391456A003362B1 /* UserLogin.swift */ = {isa = PBXFileReference; lastKnownFileType = sourcecode.swift; path = UserLogin.swift; sourceTree = "<group>"; };
		426AD0E223914961003362B1 /* UserModel.swift */ = {isa = PBXFileReference; lastKnownFileType = sourcecode.swift; path = UserModel.swift; sourceTree = "<group>"; };
		426AD0E423914AC4003362B1 /* HttpService.swift */ = {isa = PBXFileReference; lastKnownFileType = sourcecode.swift; path = HttpService.swift; sourceTree = "<group>"; };
		426AD0E623917617003362B1 /* LoginController.swift */ = {isa = PBXFileReference; lastKnownFileType = sourcecode.swift; path = LoginController.swift; sourceTree = "<group>"; };
		426AD0EA23940F22003362B1 /* ErrorLabel.swift */ = {isa = PBXFileReference; lastKnownFileType = sourcecode.swift; path = ErrorLabel.swift; sourceTree = "<group>"; };
		429E90DA243E1E6F00416ABD /* UploadUIView.swift */ = {isa = PBXFileReference; lastKnownFileType = sourcecode.swift; path = UploadUIView.swift; sourceTree = "<group>"; };
		429E90E02440947800416ABD /* StudentGroupViewController.swift */ = {isa = PBXFileReference; lastKnownFileType = sourcecode.swift; path = StudentGroupViewController.swift; sourceTree = "<group>"; };
		429E90E5244095A900416ABD /* UserIcoUILabel.swift */ = {isa = PBXFileReference; lastKnownFileType = sourcecode.swift; path = UserIcoUILabel.swift; sourceTree = "<group>"; };
		429E90E7244097B900416ABD /* SudentInGroupTableViewCell.swift */ = {isa = PBXFileReference; lastKnownFileType = sourcecode.swift; path = SudentInGroupTableViewCell.swift; sourceTree = "<group>"; };
		42A698622413CC8D00278683 /* CardInCellUIView.swift */ = {isa = PBXFileReference; lastKnownFileType = sourcecode.swift; path = CardInCellUIView.swift; sourceTree = "<group>"; };
		42A6D962243B3CD400333B7B /* IcoButtonUIButton.swift */ = {isa = PBXFileReference; lastKnownFileType = sourcecode.swift; path = IcoButtonUIButton.swift; sourceTree = "<group>"; };
		42A75FD123A14A240083B3EC /* TableRaspisanieUIView.swift */ = {isa = PBXFileReference; lastKnownFileType = sourcecode.swift; path = TableRaspisanieUIView.swift; sourceTree = "<group>"; };
		42A75FD323A14D8C0083B3EC /* RaspisanieModel.swift */ = {isa = PBXFileReference; lastKnownFileType = sourcecode.swift; path = RaspisanieModel.swift; sourceTree = "<group>"; };
		42A75FD523A152610083B3EC /* HttpServiceRaspisanie.swift */ = {isa = PBXFileReference; lastKnownFileType = sourcecode.swift; path = HttpServiceRaspisanie.swift; sourceTree = "<group>"; };
		42A8315A23BFA4F80012BC66 /* MainTableTeacherViewController.swift */ = {isa = PBXFileReference; lastKnownFileType = sourcecode.swift; path = MainTableTeacherViewController.swift; sourceTree = "<group>"; };
		42A8315C23BFB1990012BC66 /* TableRaspisanieTeacerViewController.swift */ = {isa = PBXFileReference; lastKnownFileType = sourcecode.swift; path = TableRaspisanieTeacerViewController.swift; sourceTree = "<group>"; };
		42A8315E23C0B5280012BC66 /* RaspisanieModelTeacher.swift */ = {isa = PBXFileReference; lastKnownFileType = sourcecode.swift; path = RaspisanieModelTeacher.swift; sourceTree = "<group>"; };
		42A8316123C0B8690012BC66 /* HttpServiceRaspisanieTeacher.swift */ = {isa = PBXFileReference; lastKnownFileType = sourcecode.swift; path = HttpServiceRaspisanieTeacher.swift; sourceTree = "<group>"; };
		42A8316323C10F540012BC66 /* DayliRaspisPrepodUIView.swift */ = {isa = PBXFileReference; lastKnownFileType = sourcecode.swift; path = DayliRaspisPrepodUIView.swift; sourceTree = "<group>"; };
		42AA02A3240D07CA006F0FDA /* PortfolioViewTableViewController.swift */ = {isa = PBXFileReference; lastKnownFileType = sourcecode.swift; path = PortfolioViewTableViewController.swift; sourceTree = "<group>"; };
		42AA02A7240E5184006F0FDA /* PorfolioHttpService.swift */ = {isa = PBXFileReference; lastKnownFileType = sourcecode.swift; path = PorfolioHttpService.swift; sourceTree = "<group>"; };
		42AA02A9240E5261006F0FDA /* PortfolioModel.swift */ = {isa = PBXFileReference; lastKnownFileType = sourcecode.swift; path = PortfolioModel.swift; sourceTree = "<group>"; };
		42AA02AB240E600F006F0FDA /* AboutViewCell.swift */ = {isa = PBXFileReference; lastKnownFileType = sourcecode.swift; path = AboutViewCell.swift; sourceTree = "<group>"; };
		42AA02AD240E605D006F0FDA /* InfoPortfolioTableViewCell.swift */ = {isa = PBXFileReference; lastKnownFileType = sourcecode.swift; path = InfoPortfolioTableViewCell.swift; sourceTree = "<group>"; };
		42AA02AF240E606C006F0FDA /* EducatioTableViewCell.swift */ = {isa = PBXFileReference; lastKnownFileType = sourcecode.swift; path = EducatioTableViewCell.swift; sourceTree = "<group>"; };
		42AA02B1240E609C006F0FDA /* WorkTableViewCell.swift */ = {isa = PBXFileReference; lastKnownFileType = sourcecode.swift; path = WorkTableViewCell.swift; sourceTree = "<group>"; };
		42AA02B3240E7164006F0FDA /* Title4WLabelUILabel.swift */ = {isa = PBXFileReference; lastKnownFileType = sourcecode.swift; path = Title4WLabelUILabel.swift; sourceTree = "<group>"; };
		42AEAD5524191E35005430D2 /* PortfolioController.swift */ = {isa = PBXFileReference; lastKnownFileType = sourcecode.swift; path = PortfolioController.swift; sourceTree = "<group>"; };
		42AEAD59241A21B5005430D2 /* PortfolioWorkEditTableViewController.swift */ = {isa = PBXFileReference; lastKnownFileType = sourcecode.swift; path = PortfolioWorkEditTableViewController.swift; sourceTree = "<group>"; };
		42AEAD5B241AA5CC005430D2 /* DoneButtonUIButton.swift */ = {isa = PBXFileReference; lastKnownFileType = sourcecode.swift; path = DoneButtonUIButton.swift; sourceTree = "<group>"; };
		42AEAD5D241AA644005430D2 /* CancelButtonUIButton.swift */ = {isa = PBXFileReference; lastKnownFileType = sourcecode.swift; path = CancelButtonUIButton.swift; sourceTree = "<group>"; };
		42B21D5823D49D6600E1EC17 /* Title5LabelUILabel.swift */ = {isa = PBXFileReference; lastKnownFileType = sourcecode.swift; path = Title5LabelUILabel.swift; sourceTree = "<group>"; };
		42B21D5E23D608F800E1EC17 /* UspevTableViewController.swift */ = {isa = PBXFileReference; lastKnownFileType = sourcecode.swift; path = UspevTableViewController.swift; sourceTree = "<group>"; };
		42B21D6123D60BA200E1EC17 /* HttpServiceUspev.swift */ = {isa = PBXFileReference; lastKnownFileType = sourcecode.swift; path = HttpServiceUspev.swift; sourceTree = "<group>"; };
		42B21D6323D75E9100E1EC17 /* UspevModel.swift */ = {isa = PBXFileReference; lastKnownFileType = sourcecode.swift; path = UspevModel.swift; sourceTree = "<group>"; };
		42B21D6523D778A200E1EC17 /* UspevTableViewCell.swift */ = {isa = PBXFileReference; lastKnownFileType = sourcecode.swift; path = UspevTableViewCell.swift; sourceTree = "<group>"; };
		42B28887244468EA00D702DE /* StudentInfoTableViewController.swift */ = {isa = PBXFileReference; lastKnownFileType = sourcecode.swift; path = StudentInfoTableViewController.swift; sourceTree = "<group>"; };
		42B4A27924324D330026F526 /* CountLabelUILabel.swift */ = {isa = PBXFileReference; lastKnownFileType = sourcecode.swift; path = CountLabelUILabel.swift; sourceTree = "<group>"; };
		42B7C86123DB505600BA320B /* UspevStructData.swift */ = {isa = PBXFileReference; lastKnownFileType = sourcecode.swift; path = UspevStructData.swift; sourceTree = "<group>"; };
		42BA287D239D16FC00ED1D3F /* MainTableViewController.swift */ = {isa = PBXFileReference; lastKnownFileType = sourcecode.swift; path = MainTableViewController.swift; sourceTree = "<group>"; };
		42BE877E240FE01800CF6A84 /* EditingTextFieldUITextField.swift */ = {isa = PBXFileReference; lastKnownFileType = sourcecode.swift; path = EditingTextFieldUITextField.swift; sourceTree = "<group>"; };
		42BFCFC8243382DD0018D6D5 /* DetailFileReviewTableViewController.swift */ = {isa = PBXFileReference; lastKnownFileType = sourcecode.swift; path = DetailFileReviewTableViewController.swift; sourceTree = "<group>"; };
		42BFCFCA2433833E0018D6D5 /* DetalFileMainViewController.swift */ = {isa = PBXFileReference; lastKnownFileType = sourcecode.swift; path = DetalFileMainViewController.swift; sourceTree = "<group>"; };
		42BFCFCE2434EC950018D6D5 /* UploadFileTableViewController.swift */ = {isa = PBXFileReference; lastKnownFileType = sourcecode.swift; path = UploadFileTableViewController.swift; sourceTree = "<group>"; };
		42CB259A23CF37FA007DEA69 /* InfioTeacherTableViewController.swift */ = {isa = PBXFileReference; lastKnownFileType = sourcecode.swift; path = InfioTeacherTableViewController.swift; sourceTree = "<group>"; };
		42CB259C23CF8C11007DEA69 /* MessegeButtonUIButton.swift */ = {isa = PBXFileReference; lastKnownFileType = sourcecode.swift; path = MessegeButtonUIButton.swift; sourceTree = "<group>"; };
		42CBAEF224438012006C3ED6 /* TeacherFileHTTPService.swift */ = {isa = PBXFileReference; lastKnownFileType = sourcecode.swift; path = TeacherFileHTTPService.swift; sourceTree = "<group>"; };
		42CDC01A23B7DEE500A86A42 /* ClassesUIView.swift */ = {isa = PBXFileReference; lastKnownFileType = sourcecode.swift; path = ClassesUIView.swift; sourceTree = "<group>"; };
		42CDC01C23B7E82600A86A42 /* Title3LabelUILabel.swift */ = {isa = PBXFileReference; lastKnownFileType = sourcecode.swift; path = Title3LabelUILabel.swift; sourceTree = "<group>"; };
		42D41BF323C7156A0077DE0C /* TableRaspisanieExamsUIVIew.swift */ = {isa = PBXFileReference; lastKnownFileType = sourcecode.swift; path = TableRaspisanieExamsUIVIew.swift; sourceTree = "<group>"; };
		42D41BF723C71B9B0077DE0C /* TitleT1WLabelUILabel.swift */ = {isa = PBXFileReference; lastKnownFileType = sourcecode.swift; path = TitleT1WLabelUILabel.swift; sourceTree = "<group>"; };
		42D41BF923C758AF0077DE0C /* ExamUIView.swift */ = {isa = PBXFileReference; lastKnownFileType = sourcecode.swift; path = ExamUIView.swift; sourceTree = "<group>"; };
		42D485F524042EA200648253 /* InfoRaspisanieGroupTableViewController.swift */ = {isa = PBXFileReference; lastKnownFileType = sourcecode.swift; path = InfoRaspisanieGroupTableViewController.swift; sourceTree = "<group>"; };
		42D485F724042F2F00648253 /* RaspisanieGroupInfo.swift */ = {isa = PBXFileReference; lastKnownFileType = sourcecode.swift; path = RaspisanieGroupInfo.swift; sourceTree = "<group>"; };
		42D5F0B22441EABC00BDFF29 /* TeacherFileInFolderViewController.swift */ = {isa = PBXFileReference; lastKnownFileType = sourcecode.swift; path = TeacherFileInFolderViewController.swift; sourceTree = "<group>"; };
		42D5F0B62441FC9300BDFF29 /* SearchStudentHttpService.swift */ = {isa = PBXFileReference; lastKnownFileType = sourcecode.swift; path = SearchStudentHttpService.swift; sourceTree = "<group>"; };
		42D5F0B9244200C700BDFF29 /* StudentInGroupModel.swift */ = {isa = PBXFileReference; lastKnownFileType = sourcecode.swift; path = StudentInGroupModel.swift; sourceTree = "<group>"; };
		42D5F0BC244311CE00BDFF29 /* TeacherDetailFileInfoTableViewController.swift */ = {isa = PBXFileReference; lastKnownFileType = sourcecode.swift; path = TeacherDetailFileInfoTableViewController.swift; sourceTree = "<group>"; };
		42DE33722409188200139FB8 /* ShowMoreUIButton.swift */ = {isa = PBXFileReference; lastKnownFileType = sourcecode.swift; path = ShowMoreUIButton.swift; sourceTree = "<group>"; };
		42DE3374240AA45500139FB8 /* ObjectRspByGroupTableViewCell.swift */ = {isa = PBXFileReference; lastKnownFileType = sourcecode.swift; path = ObjectRspByGroupTableViewCell.swift; sourceTree = "<group>"; };
		42DEC2E823FA80C70026425A /* NewPassModel.swift */ = {isa = PBXFileReference; lastKnownFileType = sourcecode.swift; path = NewPassModel.swift; sourceTree = "<group>"; };
		42DEC2ED23FBEC9A0026425A /* InfioTableViewCell.swift */ = {isa = PBXFileReference; lastKnownFileType = sourcecode.swift; path = InfioTableViewCell.swift; sourceTree = "<group>"; };
		42DEC2EF23FBECB60026425A /* RaspisanieTableViewCell.swift */ = {isa = PBXFileReference; lastKnownFileType = sourcecode.swift; path = RaspisanieTableViewCell.swift; sourceTree = "<group>"; };
		42E69FC5242BD7DA003DAC2A /* InfoTextViewUITextView.swift */ = {isa = PBXFileReference; lastKnownFileType = sourcecode.swift; path = InfoTextViewUITextView.swift; sourceTree = "<group>"; };
		42E69FC9242CA687003DAC2A /* DetailFileHttpService.swift */ = {isa = PBXFileReference; lastKnownFileType = sourcecode.swift; path = DetailFileHttpService.swift; sourceTree = "<group>"; };
		42E69FCC242E4E99003DAC2A /* DescModel.swift */ = {isa = PBXFileReference; lastKnownFileType = sourcecode.swift; path = DescModel.swift; sourceTree = "<group>"; };
		42E69FCF242E5432003DAC2A /* FileDetalController.swift */ = {isa = PBXFileReference; lastKnownFileType = sourcecode.swift; path = FileDetalController.swift; sourceTree = "<group>"; };
		42EEE9CF242B5C0F00EC2D80 /* Title7LabelUILabel.swift */ = {isa = PBXFileReference; lastKnownFileType = sourcecode.swift; path = Title7LabelUILabel.swift; sourceTree = "<group>"; };
		42EEE9D2242B6C9D00EC2D80 /* DetalFileInfoTableViewController.swift */ = {isa = PBXFileReference; lastKnownFileType = sourcecode.swift; path = DetalFileInfoTableViewController.swift; sourceTree = "<group>"; };
		42F2603B2438E8CB0027451D /* UploadFileHTTPService.swift */ = {isa = PBXFileReference; lastKnownFileType = sourcecode.swift; path = UploadFileHTTPService.swift; sourceTree = "<group>"; };
		42F2603D2438EA2C0027451D /* UploadFileModel.swift */ = {isa = PBXFileReference; lastKnownFileType = sourcecode.swift; path = UploadFileModel.swift; sourceTree = "<group>"; };
		42F2603F2438F2CA0027451D /* UploadFileController.swift */ = {isa = PBXFileReference; lastKnownFileType = sourcecode.swift; path = UploadFileController.swift; sourceTree = "<group>"; };
		42F672FD241D4E8A00865044 /* PortfolioEducationTableViewController.swift */ = {isa = PBXFileReference; lastKnownFileType = sourcecode.swift; path = PortfolioEducationTableViewController.swift; sourceTree = "<group>"; };
		42F67302241EBA1800865044 /* PortfolioInfoEditTableViewController.swift */ = {isa = PBXFileReference; lastKnownFileType = sourcecode.swift; path = PortfolioInfoEditTableViewController.swift; sourceTree = "<group>"; };
		42FC7B2A23CD08F600855FAD /* TableRaspisanieByGroupUIView.swift */ = {isa = PBXFileReference; lastKnownFileType = sourcecode.swift; path = TableRaspisanieByGroupUIView.swift; sourceTree = "<group>"; };
		42FC7B2C23CDC57800855FAD /* RspByGroupUIVIew.swift */ = {isa = PBXFileReference; lastKnownFileType = sourcecode.swift; path = RspByGroupUIVIew.swift; sourceTree = "<group>"; };
/* End PBXFileReference section */

/* Begin PBXFrameworksBuildPhase section */
		424525C9238ED431008C5EBD /* Frameworks */ = {
			isa = PBXFrameworksBuildPhase;
			buildActionMask = 2147483647;
			files = (
			);
			runOnlyForDeploymentPostprocessing = 0;
		};
/* End PBXFrameworksBuildPhase section */

/* Begin PBXGroup section */
		4209120623BF9808005307F5 /* Teacher */ = {
			isa = PBXGroup;
			children = (
				421BABEA24462C5A0000C8C3 /* StudentFIleView */,
				421BABE924462C300000C8C3 /* StudentUspevView */,
				421BABE024460AA00000C8C3 /* StudentPortfolioView */,
				42B28886244468AC00D702DE /* StudentInfoView */,
				4251AC732440E8120071F478 /* File */,
				429E90DD2440941900416ABD /* StudentGroupView */,
				42D485F124042C5600648253 /* InfoGroupView */,
				424DE36A23C645BC00389B53 /* UserHomeView */,
				42A8315623BFA4350012BC66 /* MainView */,
			);
			path = Teacher;
			sourceTree = "<group>";
		};
		4209120723BF9822005307F5 /* Student */ = {
			isa = PBXGroup;
			children = (
				42BFCFCC2434E7300018D6D5 /* File */,
				429E90DC2440903900416ABD /* Portfolio */,
				42CDC02423BB980D00A86A42 /* MainView */,
				42B21D5A23D6087F00E1EC17 /* UspevView */,
				42CB259823CF37A7007DEA69 /* InfoTeacherView */,
				42CDC02923BB99B800A86A42 /* UserHomeView */,
			);
			path = Student;
			sourceTree = "<group>";
		};
		420ACEFB23FFD68100C64DD1 /* Model */ = {
			isa = PBXGroup;
			children = (
				420ACEFD23FFD6A400C64DD1 /* RaspisanieModelInfoByTeacher.swift */,
			);
			path = Model;
			sourceTree = "<group>";
		};
		420B2DD72423894600A6BEF9 /* FilesView */ = {
			isa = PBXGroup;
			children = (
				420B2DDB2423899A00A6BEF9 /* Controller */,
				420B2DDA2423899500A6BEF9 /* View */,
				420B2DD92423898D00A6BEF9 /* Model */,
			);
			path = FilesView;
			sourceTree = "<group>";
		};
		420B2DD92423898D00A6BEF9 /* Model */ = {
			isa = PBXGroup;
			children = (
				420B2DEA2424E22C00A6BEF9 /* FileToShowModelController.swift */,
				420B2DDF24238A8600A6BEF9 /* FileModel.swift */,
				420B2DE82424C90C00A6BEF9 /* FileToShowModel.swift */,
				420B2DF02428E34A00A6BEF9 /* FileDirectoryModel.swift */,
			);
			path = Model;
			sourceTree = "<group>";
		};
		420B2DDA2423899500A6BEF9 /* View */ = {
			isa = PBXGroup;
			children = (
				420B2DE42423966F00A6BEF9 /* FolderTableViewCell.swift */,
				420B2DE62424C6AF00A6BEF9 /* FileTableViewCell.swift */,
			);
			path = View;
			sourceTree = "<group>";
		};
		420B2DDB2423899A00A6BEF9 /* Controller */ = {
			isa = PBXGroup;
			children = (
				420B2DE124238B5300A6BEF9 /* HttpService */,
				420B2DEE2428A5B300A6BEF9 /* FileViewController.swift */,
			);
			path = Controller;
			sourceTree = "<group>";
		};
		420B2DE124238B5300A6BEF9 /* HttpService */ = {
			isa = PBXGroup;
			children = (
				420B2DE224238B7600A6BEF9 /* FileHttpService.swift */,
			);
			path = HttpService;
			sourceTree = "<group>";
		};
		420B2DF22428F4EF00A6BEF9 /* FilesInFolderView */ = {
			isa = PBXGroup;
			children = (
				420B2DF42428F5BB00A6BEF9 /* Controller */,
			);
			path = FilesInFolderView;
			sourceTree = "<group>";
		};
		420B2DF42428F5BB00A6BEF9 /* Controller */ = {
			isa = PBXGroup;
			children = (
				420B2DF52428F5E500A6BEF9 /* FileInFolderViewController.swift */,
			);
			path = Controller;
			sourceTree = "<group>";
		};
		421BABE024460AA00000C8C3 /* StudentPortfolioView */ = {
			isa = PBXGroup;
			children = (
				421BABE424460EB50000C8C3 /* View */,
				421BABE124460BAE0000C8C3 /* Controller */,
			);
			path = StudentPortfolioView;
			sourceTree = "<group>";
		};
		421BABE124460BAE0000C8C3 /* Controller */ = {
			isa = PBXGroup;
			children = (
				421BABE5244619C70000C8C3 /* HTTPService */,
			);
			path = Controller;
			sourceTree = "<group>";
		};
		421BABE424460EB50000C8C3 /* View */ = {
			isa = PBXGroup;
			children = (
				421BABE224460C330000C8C3 /* StudentPortfolioTableViewController.swift */,
			);
			path = View;
			sourceTree = "<group>";
		};
		421BABE5244619C70000C8C3 /* HTTPService */ = {
			isa = PBXGroup;
			children = (
				421BABE624461A0D0000C8C3 /* StudentPortfolioHttpService.swift */,
			);
			path = HTTPService;
			sourceTree = "<group>";
		};
		421BABE924462C300000C8C3 /* StudentUspevView */ = {
			isa = PBXGroup;
			children = (
			);
			path = StudentUspevView;
			sourceTree = "<group>";
		};
		421BABEA24462C5A0000C8C3 /* StudentFIleView */ = {
			isa = PBXGroup;
			children = (
			);
			path = StudentFIleView;
			sourceTree = "<group>";
		};
		4241407E23F13B6C00408F9B /* HTTPService */ = {
			isa = PBXGroup;
			children = (
				4241407F23F13BD700408F9B /* HTTPServicePasswordChanged.swift */,
			);
			path = HTTPService;
			sourceTree = "<group>";
		};
		424525C3238ED431008C5EBD = {
			isa = PBXGroup;
			children = (
				424525CE238ED431008C5EBD /* Bazis MADI */,
				424525CD238ED431008C5EBD /* Products */,
			);
			sourceTree = "<group>";
		};
		424525CD238ED431008C5EBD /* Products */ = {
			isa = PBXGroup;
			children = (
				424525CC238ED431008C5EBD /* МАДИ.app */,
			);
			name = Products;
			sourceTree = "<group>";
		};
		424525CE238ED431008C5EBD /* Bazis MADI */ = {
			isa = PBXGroup;
			children = (
				42CDC02D23BB9A2200A86A42 /* PasswordChangedVIew */,
				42CDC01F23BB96A600A86A42 /* LoginView */,
				426AD0DD2391440D003362B1 /* UIView */,
				4209120623BF9808005307F5 /* Teacher */,
				4209120723BF9822005307F5 /* Student */,
				42453970239A518E00126ED6 /* SystemColor.swift */,
				424DE36823C398EA00389B53 /* SystemDevice.swift */,
				425467F82397A9AA001D26AA /* Controller */,
				424525CF238ED431008C5EBD /* AppDelegate.swift */,
				424525D1238ED431008C5EBD /* SceneDelegate.swift */,
				424525D5238ED431008C5EBD /* Main.storyboard */,
				4209120223BE58A4005307F5 /* Teacher.storyboard */,
				424525D8238ED435008C5EBD /* Assets.xcassets */,
				424525DA238ED435008C5EBD /* LaunchScreen.storyboard */,
				424525DD238ED435008C5EBD /* Info.plist */,
			);
			path = "Bazis MADI";
			sourceTree = "<group>";
		};
		424DE36A23C645BC00389B53 /* UserHomeView */ = {
			isa = PBXGroup;
			children = (
				424DE36D23C6461300389B53 /* Controller */,
			);
			path = UserHomeView;
			sourceTree = "<group>";
		};
		424DE36D23C6461300389B53 /* Controller */ = {
			isa = PBXGroup;
			children = (
				424DE36E23C6477200389B53 /* HomeTableTeacerController.swift */,
			);
			path = Controller;
			sourceTree = "<group>";
		};
		4251AC732440E8120071F478 /* File */ = {
			isa = PBXGroup;
			children = (
				42D5F0BB2442052700BDFF29 /* DetailFileInformation */,
				4251AC752440E8670071F478 /* FileInFolderView */,
				4251AC742440E8510071F478 /* FilesView */,
			);
			path = File;
			sourceTree = "<group>";
		};
		4251AC742440E8510071F478 /* FilesView */ = {
			isa = PBXGroup;
			children = (
				42A7F66C244743B700AFE8AD /* HTTPService */,
				42CBAEF124437F70006C3ED6 /* View */,
			);
			path = FilesView;
			sourceTree = "<group>";
		};
		4251AC752440E8670071F478 /* FileInFolderView */ = {
			isa = PBXGroup;
			children = (
				42D5F0B22441EABC00BDFF29 /* TeacherFileInFolderViewController.swift */,
			);
			path = FileInFolderView;
			sourceTree = "<group>";
		};
		425467F82397A9AA001D26AA /* Controller */ = {
			isa = PBXGroup;
			children = (
				425467FB2397B656001D26AA /* KeySessionController.swift */,
			);
			path = Controller;
			sourceTree = "<group>";
		};
		426AD0DD2391440D003362B1 /* UIView */ = {
			isa = PBXGroup;
			children = (
				42DE3378240AC02300139FB8 /* UIButton */,
				42DE3377240ABFC800139FB8 /* UILabel */,
				424525EB238FCB80008C5EBD /* LoginTextFieldUITextField.swift */,
				4245396E2399623200126ED6 /* CloseViewUIView.swift */,
				420F9D1C23EC11D30096DAB7 /* ErrorViewUIView.swift */,
				42BE877E240FE01800CF6A84 /* EditingTextFieldUITextField.swift */,
				42A698622413CC8D00278683 /* CardInCellUIView.swift */,
				4247D4FA2417A3C900A1DBD2 /* CardInCellBlueUIView.swift */,
				42E69FC5242BD7DA003DAC2A /* InfoTextViewUITextView.swift */,
			);
			path = UIView;
			sourceTree = "<group>";
		};
		429E90DC2440903900416ABD /* Portfolio */ = {
			isa = PBXGroup;
			children = (
				42AA029F240D0761006F0FDA /* PortfolioView */,
				42F672FC241D4E4E00865044 /* PortfolioEducationView */,
				42F67301241EB9D100865044 /* PortfolioInfoEditView */,
				42AEAD58241A2168005430D2 /* PortfolioWorkEditView */,
			);
			path = Portfolio;
			sourceTree = "<group>";
		};
		429E90DD2440941900416ABD /* StudentGroupView */ = {
			isa = PBXGroup;
			children = (
				429E90E4244094F100416ABD /* Controller */,
				429E90E3244094DF00416ABD /* View */,
				429E90E2244094D500416ABD /* Model */,
			);
			path = StudentGroupView;
			sourceTree = "<group>";
		};
		429E90E2244094D500416ABD /* Model */ = {
			isa = PBXGroup;
			children = (
				42D5F0B9244200C700BDFF29 /* StudentInGroupModel.swift */,
			);
			path = Model;
			sourceTree = "<group>";
		};
		429E90E3244094DF00416ABD /* View */ = {
			isa = PBXGroup;
			children = (
				429E90E7244097B900416ABD /* SudentInGroupTableViewCell.swift */,
			);
			path = View;
			sourceTree = "<group>";
		};
		429E90E4244094F100416ABD /* Controller */ = {
			isa = PBXGroup;
			children = (
				42D5F0B42441FC5D00BDFF29 /* HTTPService */,
				429E90E02440947800416ABD /* StudentGroupViewController.swift */,
			);
			path = Controller;
			sourceTree = "<group>";
		};
		42A7F66C244743B700AFE8AD /* HTTPService */ = {
			isa = PBXGroup;
			children = (
				42CBAEF224438012006C3ED6 /* TeacherFileHTTPService.swift */,
			);
			path = HTTPService;
			sourceTree = "<group>";
		};
		42A8315623BFA4350012BC66 /* MainView */ = {
			isa = PBXGroup;
			children = (
				42A8315923BFA4800012BC66 /* Model */,
				42A8315823BFA4730012BC66 /* View */,
				42A8315723BFA4530012BC66 /* Controller */,
			);
			path = MainView;
			sourceTree = "<group>";
		};
		42A8315723BFA4530012BC66 /* Controller */ = {
			isa = PBXGroup;
			children = (
				42A8316023C0B8460012BC66 /* HTTPService */,
				42A8315A23BFA4F80012BC66 /* MainTableTeacherViewController.swift */,
			);
			path = Controller;
			sourceTree = "<group>";
		};
		42A8315823BFA4730012BC66 /* View */ = {
			isa = PBXGroup;
			children = (
				42A8315C23BFB1990012BC66 /* TableRaspisanieTeacerViewController.swift */,
				42A8316323C10F540012BC66 /* DayliRaspisPrepodUIView.swift */,
				424DE36623C3846F00389B53 /* ClassesTeacherUIView.swift */,
				42FC7B2A23CD08F600855FAD /* TableRaspisanieByGroupUIView.swift */,
				42FC7B2C23CDC57800855FAD /* RspByGroupUIVIew.swift */,
			);
			path = View;
			sourceTree = "<group>";
		};
		42A8315923BFA4800012BC66 /* Model */ = {
			isa = PBXGroup;
			children = (
				42A8315E23C0B5280012BC66 /* RaspisanieModelTeacher.swift */,
			);
			path = Model;
			sourceTree = "<group>";
		};
		42A8316023C0B8460012BC66 /* HTTPService */ = {
			isa = PBXGroup;
			children = (
				42A8316123C0B8690012BC66 /* HttpServiceRaspisanieTeacher.swift */,
			);
			path = HTTPService;
			sourceTree = "<group>";
		};
		42AA029F240D0761006F0FDA /* PortfolioView */ = {
			isa = PBXGroup;
			children = (
				42AA02A2240D07A8006F0FDA /* Controller */,
				42AA02A1240D0799006F0FDA /* View */,
				42AA02A0240D078A006F0FDA /* Model */,
			);
			path = PortfolioView;
			sourceTree = "<group>";
		};
		42AA02A0240D078A006F0FDA /* Model */ = {
			isa = PBXGroup;
			children = (
				42AA02A9240E5261006F0FDA /* PortfolioModel.swift */,
			);
			path = Model;
			sourceTree = "<group>";
		};
		42AA02A1240D0799006F0FDA /* View */ = {
			isa = PBXGroup;
			children = (
				42AA02A3240D07CA006F0FDA /* PortfolioViewTableViewController.swift */,
				42AEAD57241A1C51005430D2 /* Cell */,
			);
			path = View;
			sourceTree = "<group>";
		};
		42AA02A2240D07A8006F0FDA /* Controller */ = {
			isa = PBXGroup;
			children = (
				42AA02A5240E50D9006F0FDA /* HttpService */,
				42AEAD5524191E35005430D2 /* PortfolioController.swift */,
			);
			path = Controller;
			sourceTree = "<group>";
		};
		42AA02A5240E50D9006F0FDA /* HttpService */ = {
			isa = PBXGroup;
			children = (
				42AA02A7240E5184006F0FDA /* PorfolioHttpService.swift */,
			);
			path = HttpService;
			sourceTree = "<group>";
		};
		42AEAD57241A1C51005430D2 /* Cell */ = {
			isa = PBXGroup;
			children = (
				42AA02AD240E605D006F0FDA /* InfoPortfolioTableViewCell.swift */,
				42AA02B1240E609C006F0FDA /* WorkTableViewCell.swift */,
				42AA02AB240E600F006F0FDA /* AboutViewCell.swift */,
				42AA02AF240E606C006F0FDA /* EducatioTableViewCell.swift */,
			);
			path = Cell;
			sourceTree = "<group>";
		};
		42AEAD58241A2168005430D2 /* PortfolioWorkEditView */ = {
			isa = PBXGroup;
			children = (
				42AEAD59241A21B5005430D2 /* PortfolioWorkEditTableViewController.swift */,
			);
			path = PortfolioWorkEditView;
			sourceTree = "<group>";
		};
		42B21D5A23D6087F00E1EC17 /* UspevView */ = {
			isa = PBXGroup;
			children = (
				42B21D5D23D608C300E1EC17 /* Controller */,
				42B21D5C23D608BA00E1EC17 /* View */,
				42B21D5B23D608AF00E1EC17 /* Model */,
			);
			path = UspevView;
			sourceTree = "<group>";
		};
		42B21D5B23D608AF00E1EC17 /* Model */ = {
			isa = PBXGroup;
			children = (
				42B21D6323D75E9100E1EC17 /* UspevModel.swift */,
				42B7C86123DB505600BA320B /* UspevStructData.swift */,
				42524D5723E1980F00D9B97E /* UspevStructDataByObject.swift */,
			);
			path = Model;
			sourceTree = "<group>";
		};
		42B21D5C23D608BA00E1EC17 /* View */ = {
			isa = PBXGroup;
			children = (
				42B21D6523D778A200E1EC17 /* UspevTableViewCell.swift */,
				42524D5923E4248400D9B97E /* UspevByObjTableViewCell.swift */,
			);
			path = View;
			sourceTree = "<group>";
		};
		42B21D5D23D608C300E1EC17 /* Controller */ = {
			isa = PBXGroup;
			children = (
				42B21D6023D60B6E00E1EC17 /* HttpService */,
				42B21D5E23D608F800E1EC17 /* UspevTableViewController.swift */,
			);
			path = Controller;
			sourceTree = "<group>";
		};
		42B21D6023D60B6E00E1EC17 /* HttpService */ = {
			isa = PBXGroup;
			children = (
				42B21D6123D60BA200E1EC17 /* HttpServiceUspev.swift */,
			);
			path = HttpService;
			sourceTree = "<group>";
		};
		42B28886244468AC00D702DE /* StudentInfoView */ = {
			isa = PBXGroup;
			children = (
				42B28887244468EA00D702DE /* StudentInfoTableViewController.swift */,
			);
			path = StudentInfoView;
			sourceTree = "<group>";
		};
		42BFCFC2243380B60018D6D5 /* DetailFileInformationMainView */ = {
			isa = PBXGroup;
			children = (
				42BFCFCA2433833E0018D6D5 /* DetalFileMainViewController.swift */,
			);
			path = DetailFileInformationMainView;
			sourceTree = "<group>";
		};
		42BFCFC3243380E40018D6D5 /* DetailFileReviewView */ = {
			isa = PBXGroup;
			children = (
				42BFCFC8243382DD0018D6D5 /* DetailFileReviewTableViewController.swift */,
			);
			path = DetailFileReviewView;
			sourceTree = "<group>";
		};
		42BFCFCC2434E7300018D6D5 /* File */ = {
			isa = PBXGroup;
			children = (
				42BFCFCD2434E74D0018D6D5 /* UploadFileView */,
				420B2DD72423894600A6BEF9 /* FilesView */,
				420B2DF22428F4EF00A6BEF9 /* FilesInFolderView */,
				42BFCFC2243380B60018D6D5 /* DetailFileInformationMainView */,
				42EEE9D1242B6C3400EC2D80 /* DetalFileInformations */,
				42BFCFC3243380E40018D6D5 /* DetailFileReviewView */,
			);
			path = File;
			sourceTree = "<group>";
		};
		42BFCFCD2434E74D0018D6D5 /* UploadFileView */ = {
			isa = PBXGroup;
			children = (
				42F260392438E8280027451D /* Controller */,
				42F260382438E8100027451D /* View */,
				42F260372438E8040027451D /* Model */,
			);
			path = UploadFileView;
			sourceTree = "<group>";
		};
		42CB259823CF37A7007DEA69 /* InfoTeacherView */ = {
			isa = PBXGroup;
			children = (
				420ACEFB23FFD68100C64DD1 /* Model */,
				42DEC2F423FBECE30026425A /* Controller */,
				42DEC2F123FBECC60026425A /* View */,
			);
			path = InfoTeacherView;
			sourceTree = "<group>";
		};
		42CBAEF124437F70006C3ED6 /* View */ = {
			isa = PBXGroup;
			children = (
				4251AC762440E9400071F478 /* TeacherFilesViewController.swift */,
			);
			path = View;
			sourceTree = "<group>";
		};
		42CDC01F23BB96A600A86A42 /* LoginView */ = {
			isa = PBXGroup;
			children = (
				42CDC02223BB96D600A86A42 /* Controller */,
				42CDC02123BB96C900A86A42 /* View */,
				42CDC02023BB96BF00A86A42 /* Model */,
			);
			path = LoginView;
			sourceTree = "<group>";
		};
		42CDC02023BB96BF00A86A42 /* Model */ = {
			isa = PBXGroup;
			children = (
				426AD0E223914961003362B1 /* UserModel.swift */,
			);
			path = Model;
			sourceTree = "<group>";
		};
		42CDC02123BB96C900A86A42 /* View */ = {
			isa = PBXGroup;
			children = (
				424525D3238ED431008C5EBD /* LoginViewController.swift */,
			);
			path = View;
			sourceTree = "<group>";
		};
		42CDC02223BB96D600A86A42 /* Controller */ = {
			isa = PBXGroup;
			children = (
				42CDC02323BB97D800A86A42 /* HTTPService */,
				426AD0E623917617003362B1 /* LoginController.swift */,
				425467FD2398E9E2001D26AA /* UserDataController.swift */,
				426AD0DE2391456A003362B1 /* UserLogin.swift */,
				425468002398ED18001D26AA /* UserLoginData.swift */,
			);
			path = Controller;
			sourceTree = "<group>";
		};
		42CDC02323BB97D800A86A42 /* HTTPService */ = {
			isa = PBXGroup;
			children = (
				426AD0E423914AC4003362B1 /* HttpService.swift */,
			);
			path = HTTPService;
			sourceTree = "<group>";
		};
		42CDC02423BB980D00A86A42 /* MainView */ = {
			isa = PBXGroup;
			children = (
				42CDC02723BB987200A86A42 /* Controller */,
				42CDC02623BB986500A86A42 /* View */,
				42CDC02523BB985400A86A42 /* Model */,
			);
			path = MainView;
			sourceTree = "<group>";
		};
		42CDC02523BB985400A86A42 /* Model */ = {
			isa = PBXGroup;
			children = (
				42A75FD323A14D8C0083B3EC /* RaspisanieModel.swift */,
				424DE37223C65EC400389B53 /* RaspisanieExamModel.swift */,
			);
			path = Model;
			sourceTree = "<group>";
		};
		42CDC02623BB986500A86A42 /* View */ = {
			isa = PBXGroup;
			children = (
				42A75FD123A14A240083B3EC /* TableRaspisanieUIView.swift */,
				4214FDC023AF96EA00F543C9 /* DayRaspisUIView.swift */,
				42CDC01A23B7DEE500A86A42 /* ClassesUIView.swift */,
				42D41BF323C7156A0077DE0C /* TableRaspisanieExamsUIVIew.swift */,
				42D41BF923C758AF0077DE0C /* ExamUIView.swift */,
				4248818423C9D0EE003BB98F /* TableRaspisanieByTeacherUIView.swift */,
				4248818623C9D6DF003BB98F /* RspByTeacherUIVIew.swift */,
			);
			path = View;
			sourceTree = "<group>";
		};
		42CDC02723BB987200A86A42 /* Controller */ = {
			isa = PBXGroup;
			children = (
				42CDC02823BB995600A86A42 /* HTTPService */,
				42BA287D239D16FC00ED1D3F /* MainTableViewController.swift */,
				4214FDC423B12EDD00F543C9 /* WeekRaspisanieController.swift */,
			);
			path = Controller;
			sourceTree = "<group>";
		};
		42CDC02823BB995600A86A42 /* HTTPService */ = {
			isa = PBXGroup;
			children = (
				42A75FD523A152610083B3EC /* HttpServiceRaspisanie.swift */,
			);
			path = HTTPService;
			sourceTree = "<group>";
		};
		42CDC02923BB99B800A86A42 /* UserHomeView */ = {
			isa = PBXGroup;
			children = (
				42CDC02C23BB99E200A86A42 /* Controller */,
			);
			path = UserHomeView;
			sourceTree = "<group>";
		};
		42CDC02C23BB99E200A86A42 /* Controller */ = {
			isa = PBXGroup;
			children = (
				424525E3238ED814008C5EBD /* HomeTableVIewControllerTableViewController.swift */,
			);
			path = Controller;
			sourceTree = "<group>";
		};
		42CDC02D23BB9A2200A86A42 /* PasswordChangedVIew */ = {
			isa = PBXGroup;
			children = (
				42CDC03023BB9A4B00A86A42 /* Controller */,
				42CDC02F23BB9A4400A86A42 /* View */,
				42CDC02E23BB9A3C00A86A42 /* Model */,
			);
			path = PasswordChangedVIew;
			sourceTree = "<group>";
		};
		42CDC02E23BB9A3C00A86A42 /* Model */ = {
			isa = PBXGroup;
			children = (
				42DEC2E823FA80C70026425A /* NewPassModel.swift */,
			);
			path = Model;
			sourceTree = "<group>";
		};
		42CDC02F23BB9A4400A86A42 /* View */ = {
			isa = PBXGroup;
			children = (
				42453972239AD8CB00126ED6 /* PasswordChangeViewController.swift */,
			);
			path = View;
			sourceTree = "<group>";
		};
		42CDC03023BB9A4B00A86A42 /* Controller */ = {
			isa = PBXGroup;
			children = (
				4241407E23F13B6C00408F9B /* HTTPService */,
				42453974239BED7200126ED6 /* PasswordChangeController.swift */,
			);
			path = Controller;
			sourceTree = "<group>";
		};
		42D485F124042C5600648253 /* InfoGroupView */ = {
			isa = PBXGroup;
			children = (
				42D485F424042C9E00648253 /* Controller */,
				42D485F324042C9800648253 /* View */,
				42D485F224042C8B00648253 /* Model */,
			);
			path = InfoGroupView;
			sourceTree = "<group>";
		};
		42D485F224042C8B00648253 /* Model */ = {
			isa = PBXGroup;
			children = (
				42D485F724042F2F00648253 /* RaspisanieGroupInfo.swift */,
			);
			path = Model;
			sourceTree = "<group>";
		};
		42D485F324042C9800648253 /* View */ = {
			isa = PBXGroup;
			children = (
				42DE3374240AA45500139FB8 /* ObjectRspByGroupTableViewCell.swift */,
			);
			path = View;
			sourceTree = "<group>";
		};
		42D485F424042C9E00648253 /* Controller */ = {
			isa = PBXGroup;
			children = (
				42D485F524042EA200648253 /* InfoRaspisanieGroupTableViewController.swift */,
			);
			path = Controller;
			sourceTree = "<group>";
		};
		42D5F0B42441FC5D00BDFF29 /* HTTPService */ = {
			isa = PBXGroup;
			children = (
				42D5F0B62441FC9300BDFF29 /* SearchStudentHttpService.swift */,
			);
			path = HTTPService;
			sourceTree = "<group>";
		};
		42D5F0BB2442052700BDFF29 /* DetailFileInformation */ = {
			isa = PBXGroup;
			children = (
				42D5F0BE2443129500BDFF29 /* View */,
			);
			path = DetailFileInformation;
			sourceTree = "<group>";
		};
		42D5F0BE2443129500BDFF29 /* View */ = {
			isa = PBXGroup;
			children = (
				42D5F0BC244311CE00BDFF29 /* TeacherDetailFileInfoTableViewController.swift */,
			);
			path = View;
			sourceTree = "<group>";
		};
		42DE3377240ABFC800139FB8 /* UILabel */ = {
			isa = PBXGroup;
			children = (
				42D41BF723C71B9B0077DE0C /* TitleT1WLabelUILabel.swift */,
				4248818823CA19AC003BB98F /* UserTitleUILabel.swift */,
				424DE37023C6563B00389B53 /* Title4LabelUILabel.swift */,
				42B21D5823D49D6600E1EC17 /* Title5LabelUILabel.swift */,
				420ACEF923FE7EB100C64DD1 /* Title6LabelUILabel.swift */,
				42CDC01C23B7E82600A86A42 /* Title3LabelUILabel.swift */,
				424525E7238EE8FF008C5EBD /* Title2LabelUILabel.swift */,
				426AD0EA23940F22003362B1 /* ErrorLabel.swift */,
				424525E5238EE133008C5EBD /* Title1LabelUILabel.swift */,
				42AA02B3240E7164006F0FDA /* Title4WLabelUILabel.swift */,
				42EEE9CF242B5C0F00EC2D80 /* Title7LabelUILabel.swift */,
				42B4A27924324D330026F526 /* CountLabelUILabel.swift */,
				429E90E5244095A900416ABD /* UserIcoUILabel.swift */,
			);
			path = UILabel;
			sourceTree = "<group>";
		};
		42DE3378240AC02300139FB8 /* UIButton */ = {
			isa = PBXGroup;
			children = (
				42DE33722409188200139FB8 /* ShowMoreUIButton.swift */,
				424525E9238FBB1D008C5EBD /* InputButton1UIButton.swift */,
				42CB259C23CF8C11007DEA69 /* MessegeButtonUIButton.swift */,
				42AEAD5B241AA5CC005430D2 /* DoneButtonUIButton.swift */,
				42AEAD5D241AA644005430D2 /* CancelButtonUIButton.swift */,
				420B2DEC2427EF0400A6BEF9 /* AddButtonUIButton.swift */,
				42A6D962243B3CD400333B7B /* IcoButtonUIButton.swift */,
			);
			path = UIButton;
			sourceTree = "<group>";
		};
		42DEC2F123FBECC60026425A /* View */ = {
			isa = PBXGroup;
			children = (
				42DEC2EF23FBECB60026425A /* RaspisanieTableViewCell.swift */,
				42DEC2ED23FBEC9A0026425A /* InfioTableViewCell.swift */,
			);
			path = View;
			sourceTree = "<group>";
		};
		42DEC2F423FBECE30026425A /* Controller */ = {
			isa = PBXGroup;
			children = (
				42CB259A23CF37FA007DEA69 /* InfioTeacherTableViewController.swift */,
			);
			path = Controller;
			sourceTree = "<group>";
		};
		42E69FC7242CA64E003DAC2A /* Controller */ = {
			isa = PBXGroup;
			children = (
				42E69FC8242CA65B003DAC2A /* HttpService */,
				42E69FCF242E5432003DAC2A /* FileDetalController.swift */,
			);
			path = Controller;
			sourceTree = "<group>";
		};
		42E69FC8242CA65B003DAC2A /* HttpService */ = {
			isa = PBXGroup;
			children = (
				42E69FC9242CA687003DAC2A /* DetailFileHttpService.swift */,
			);
			path = HttpService;
			sourceTree = "<group>";
		};
		42E69FCB242E4E5C003DAC2A /* Model */ = {
			isa = PBXGroup;
			children = (
				42E69FCC242E4E99003DAC2A /* DescModel.swift */,
			);
			path = Model;
			sourceTree = "<group>";
		};
		42E69FCE242E5407003DAC2A /* View */ = {
			isa = PBXGroup;
			children = (
				42EEE9D2242B6C9D00EC2D80 /* DetalFileInfoTableViewController.swift */,
			);
			path = View;
			sourceTree = "<group>";
		};
		42EEE9D1242B6C3400EC2D80 /* DetalFileInformations */ = {
			isa = PBXGroup;
			children = (
				42E69FCE242E5407003DAC2A /* View */,
				42E69FCB242E4E5C003DAC2A /* Model */,
				42E69FC7242CA64E003DAC2A /* Controller */,
			);
			path = DetalFileInformations;
			sourceTree = "<group>";
		};
		42F260372438E8040027451D /* Model */ = {
			isa = PBXGroup;
			children = (
				42F2603D2438EA2C0027451D /* UploadFileModel.swift */,
			);
			path = Model;
			sourceTree = "<group>";
		};
		42F260382438E8100027451D /* View */ = {
			isa = PBXGroup;
			children = (
				429E90DA243E1E6F00416ABD /* UploadUIView.swift */,
				42BFCFCE2434EC950018D6D5 /* UploadFileTableViewController.swift */,
			);
			path = View;
			sourceTree = "<group>";
		};
		42F260392438E8280027451D /* Controller */ = {
			isa = PBXGroup;
			children = (
				42F2603A2438E8860027451D /* HTTPService */,
				42F2603F2438F2CA0027451D /* UploadFileController.swift */,
			);
			path = Controller;
			sourceTree = "<group>";
		};
		42F2603A2438E8860027451D /* HTTPService */ = {
			isa = PBXGroup;
			children = (
				42F2603B2438E8CB0027451D /* UploadFileHTTPService.swift */,
			);
			path = HTTPService;
			sourceTree = "<group>";
		};
		42F672FC241D4E4E00865044 /* PortfolioEducationView */ = {
			isa = PBXGroup;
			children = (
				42F672FD241D4E8A00865044 /* PortfolioEducationTableViewController.swift */,
			);
			path = PortfolioEducationView;
			sourceTree = "<group>";
		};
		42F67301241EB9D100865044 /* PortfolioInfoEditView */ = {
			isa = PBXGroup;
			children = (
				42F67302241EBA1800865044 /* PortfolioInfoEditTableViewController.swift */,
			);
			path = PortfolioInfoEditView;
			sourceTree = "<group>";
		};
/* End PBXGroup section */

/* Begin PBXNativeTarget section */
		424525CB238ED431008C5EBD /* Bazis MADI */ = {
			isa = PBXNativeTarget;
			buildConfigurationList = 424525E0238ED435008C5EBD /* Build configuration list for PBXNativeTarget "Bazis MADI" */;
			buildPhases = (
				424525C8238ED431008C5EBD /* Sources */,
				424525C9238ED431008C5EBD /* Frameworks */,
				424525CA238ED431008C5EBD /* Resources */,
			);
			buildRules = (
			);
			dependencies = (
			);
			name = "Bazis MADI";
			productName = "Bazis MADI";
			productReference = 424525CC238ED431008C5EBD /* МАДИ.app */;
			productType = "com.apple.product-type.application";
		};
/* End PBXNativeTarget section */

/* Begin PBXProject section */
		424525C4238ED431008C5EBD /* Project object */ = {
			isa = PBXProject;
			attributes = {
				LastSwiftUpdateCheck = 1120;
				LastUpgradeCheck = 1120;
				ORGANIZATIONNAME = "Всеволод Андрющенко";
				TargetAttributes = {
					424525CB238ED431008C5EBD = {
						CreatedOnToolsVersion = 11.2.1;
					};
				};
			};
			buildConfigurationList = 424525C7238ED431008C5EBD /* Build configuration list for PBXProject "Bazis MADI" */;
			compatibilityVersion = "Xcode 9.3";
			developmentRegion = en;
			hasScannedForEncodings = 0;
			knownRegions = (
				en,
				Base,
			);
			mainGroup = 424525C3238ED431008C5EBD;
			productRefGroup = 424525CD238ED431008C5EBD /* Products */;
			projectDirPath = "";
			projectRoot = "";
			targets = (
				424525CB238ED431008C5EBD /* Bazis MADI */,
			);
		};
/* End PBXProject section */

/* Begin PBXResourcesBuildPhase section */
		424525CA238ED431008C5EBD /* Resources */ = {
			isa = PBXResourcesBuildPhase;
			buildActionMask = 2147483647;
			files = (
				424525DC238ED435008C5EBD /* LaunchScreen.storyboard in Resources */,
				4209120323BE58A4005307F5 /* Teacher.storyboard in Resources */,
				424525D9238ED435008C5EBD /* Assets.xcassets in Resources */,
				424525D7238ED431008C5EBD /* Main.storyboard in Resources */,
			);
			runOnlyForDeploymentPostprocessing = 0;
		};
/* End PBXResourcesBuildPhase section */

/* Begin PBXSourcesBuildPhase section */
		424525C8238ED431008C5EBD /* Sources */ = {
			isa = PBXSourcesBuildPhase;
			buildActionMask = 2147483647;
			files = (
				429E90E12440947800416ABD /* StudentGroupViewController.swift in Sources */,
				42A8316423C10F540012BC66 /* DayliRaspisPrepodUIView.swift in Sources */,
				42E69FD0242E5432003DAC2A /* FileDetalController.swift in Sources */,
				42BA287E239D16FC00ED1D3F /* MainTableViewController.swift in Sources */,
				42CBAEF324438012006C3ED6 /* TeacherFileHTTPService.swift in Sources */,
				426AD0E523914AC4003362B1 /* HttpService.swift in Sources */,
				424525EA238FBB1D008C5EBD /* InputButton1UIButton.swift in Sources */,
				42D41BF423C7156A0077DE0C /* TableRaspisanieExamsUIVIew.swift in Sources */,
				421BABE324460C330000C8C3 /* StudentPortfolioTableViewController.swift in Sources */,
				420B2DE92424C90C00A6BEF9 /* FileToShowModel.swift in Sources */,
				420F9D1D23EC11D30096DAB7 /* ErrorViewUIView.swift in Sources */,
				42453971239A518E00126ED6 /* SystemColor.swift in Sources */,
				42AA02B2240E609C006F0FDA /* WorkTableViewCell.swift in Sources */,
				425467FC2397B656001D26AA /* KeySessionController.swift in Sources */,
				42D485F824042F2F00648253 /* RaspisanieGroupInfo.swift in Sources */,
				426AD0E723917617003362B1 /* LoginController.swift in Sources */,
				42A8315F23C0B5280012BC66 /* RaspisanieModelTeacher.swift in Sources */,
				42F2603C2438E8CB0027451D /* UploadFileHTTPService.swift in Sources */,
				424DE36723C3846F00389B53 /* ClassesTeacherUIView.swift in Sources */,
				420ACEFA23FE7EB100C64DD1 /* Title6LabelUILabel.swift in Sources */,
				42A75FD423A14D8C0083B3EC /* RaspisanieModel.swift in Sources */,
				42E69FCD242E4E99003DAC2A /* DescModel.swift in Sources */,
				42A75FD223A14A240083B3EC /* TableRaspisanieUIView.swift in Sources */,
				42DE33732409188200139FB8 /* ShowMoreUIButton.swift in Sources */,
				42524D5A23E4248400D9B97E /* UspevByObjTableViewCell.swift in Sources */,
				42D41BF823C71B9B0077DE0C /* TitleT1WLabelUILabel.swift in Sources */,
				42A6D963243B3CD400333B7B /* IcoButtonUIButton.swift in Sources */,
				420B2DEF2428A5B300A6BEF9 /* FileViewController.swift in Sources */,
				420ACEFE23FFD6A400C64DD1 /* RaspisanieModelInfoByTeacher.swift in Sources */,
				4214FDC523B12EDD00F543C9 /* WeekRaspisanieController.swift in Sources */,
				42AA02AA240E5261006F0FDA /* PortfolioModel.swift in Sources */,
				42BFCFC9243382DD0018D6D5 /* DetailFileReviewTableViewController.swift in Sources */,
				425467FE2398E9E2001D26AA /* UserDataController.swift in Sources */,
				42B21D6223D60BA200E1EC17 /* HttpServiceUspev.swift in Sources */,
				42524D5823E1980F00D9B97E /* UspevStructDataByObject.swift in Sources */,
				42BFCFCB2433833E0018D6D5 /* DetalFileMainViewController.swift in Sources */,
				42E69FC6242BD7DA003DAC2A /* InfoTextViewUITextView.swift in Sources */,
				42F67303241EBA1800865044 /* PortfolioInfoEditTableViewController.swift in Sources */,
				42D5F0BA244200C700BDFF29 /* StudentInGroupModel.swift in Sources */,
				420B2DF12428E34A00A6BEF9 /* FileDirectoryModel.swift in Sources */,
				429E90E8244097B900416ABD /* SudentInGroupTableViewCell.swift in Sources */,
				42AEAD5A241A21B5005430D2 /* PortfolioWorkEditTableViewController.swift in Sources */,
				425468012398ED18001D26AA /* UserLoginData.swift in Sources */,
				429E90DB243E1E6F00416ABD /* UploadUIView.swift in Sources */,
				42AEAD5E241AA644005430D2 /* CancelButtonUIButton.swift in Sources */,
				42DE3375240AA45500139FB8 /* ObjectRspByGroupTableViewCell.swift in Sources */,
				42B21D5923D49D6600E1EC17 /* Title5LabelUILabel.swift in Sources */,
				42AA02A8240E5184006F0FDA /* PorfolioHttpService.swift in Sources */,
				42CDC01B23B7DEE500A86A42 /* ClassesUIView.swift in Sources */,
				42F2603E2438EA2C0027451D /* UploadFileModel.swift in Sources */,
				420B2DE324238B7600A6BEF9 /* FileHttpService.swift in Sources */,
				4241408023F13BD700408F9B /* HTTPServicePasswordChanged.swift in Sources */,
				420B2DF62428F5E500A6BEF9 /* FileInFolderViewController.swift in Sources */,
				42A698632413CC8D00278683 /* CardInCellUIView.swift in Sources */,
				420B2DE72424C6AF00A6BEF9 /* FileTableViewCell.swift in Sources */,
				42EEE9D0242B5C0F00EC2D80 /* Title7LabelUILabel.swift in Sources */,
				42AA02AE240E605D006F0FDA /* InfoPortfolioTableViewCell.swift in Sources */,
				42FC7B2D23CDC57800855FAD /* RspByGroupUIVIew.swift in Sources */,
				429E90E6244095A900416ABD /* UserIcoUILabel.swift in Sources */,
				424525D4238ED431008C5EBD /* LoginViewController.swift in Sources */,
				420B2DE52423966F00A6BEF9 /* FolderTableViewCell.swift in Sources */,
				42CB259D23CF8C11007DEA69 /* MessegeButtonUIButton.swift in Sources */,
				424525E6238EE133008C5EBD /* Title1LabelUILabel.swift in Sources */,
				42B21D6423D75E9100E1EC17 /* UspevModel.swift in Sources */,
				420B2DE024238A8600A6BEF9 /* FileModel.swift in Sources */,
				42AA02AC240E600F006F0FDA /* AboutViewCell.swift in Sources */,
				4251AC772440E9400071F478 /* TeacherFilesViewController.swift in Sources */,
				42453973239AD8CB00126ED6 /* PasswordChangeViewController.swift in Sources */,
				42453975239BED7200126ED6 /* PasswordChangeController.swift in Sources */,
				42CB259B23CF37FA007DEA69 /* InfioTeacherTableViewController.swift in Sources */,
				42B21D6623D778A200E1EC17 /* UspevTableViewCell.swift in Sources */,
				424DE37123C6563B00389B53 /* Title4LabelUILabel.swift in Sources */,
				42AA02B0240E606C006F0FDA /* EducatioTableViewCell.swift in Sources */,
				424DE36923C398EA00389B53 /* SystemDevice.swift in Sources */,
				42A75FD623A152610083B3EC /* HttpServiceRaspisanie.swift in Sources */,
				424525EC238FCB81008C5EBD /* LoginTextFieldUITextField.swift in Sources */,
				42AA02A4240D07CA006F0FDA /* PortfolioViewTableViewController.swift in Sources */,
				42CDC01D23B7E82600A86A42 /* Title3LabelUILabel.swift in Sources */,
				424DE36F23C6477200389B53 /* HomeTableTeacerController.swift in Sources */,
				421BABE724461A0D0000C8C3 /* StudentPortfolioHttpService.swift in Sources */,
				42AEAD5624191E35005430D2 /* PortfolioController.swift in Sources */,
				42AA02B4240E7164006F0FDA /* Title4WLabelUILabel.swift in Sources */,
				42B7C86223DB505600BA320B /* UspevStructData.swift in Sources */,
				424525D0238ED431008C5EBD /* AppDelegate.swift in Sources */,
				42DEC2E923FA80C70026425A /* NewPassModel.swift in Sources */,
				424525E8238EE8FF008C5EBD /* Title2LabelUILabel.swift in Sources */,
				42A8315B23BFA4F80012BC66 /* MainTableTeacherViewController.swift in Sources */,
				42D5F0B72441FC9300BDFF29 /* SearchStudentHttpService.swift in Sources */,
				42F260402438F2CA0027451D /* UploadFileController.swift in Sources */,
				42A8315D23BFB1990012BC66 /* TableRaspisanieTeacerViewController.swift in Sources */,
				42AEAD5C241AA5CC005430D2 /* DoneButtonUIButton.swift in Sources */,
				42BE877F240FE01800CF6A84 /* EditingTextFieldUITextField.swift in Sources */,
				42DEC2F023FBECB60026425A /* RaspisanieTableViewCell.swift in Sources */,
				42E69FCA242CA687003DAC2A /* DetailFileHttpService.swift in Sources */,
				42D5F0BD244311CE00BDFF29 /* TeacherDetailFileInfoTableViewController.swift in Sources */,
				424DE37323C65EC400389B53 /* RaspisanieExamModel.swift in Sources */,
				42EEE9D3242B6C9D00EC2D80 /* DetalFileInfoTableViewController.swift in Sources */,
				42F672FE241D4E8A00865044 /* PortfolioEducationTableViewController.swift in Sources */,
				42D41BFA23C758AF0077DE0C /* ExamUIView.swift in Sources */,
				42D485F624042EA200648253 /* InfoRaspisanieGroupTableViewController.swift in Sources */,
				424525E4238ED814008C5EBD /* HomeTableVIewControllerTableViewController.swift in Sources */,
				42DEC2EE23FBEC9A0026425A /* InfioTableViewCell.swift in Sources */,
				426AD0EB23940F22003362B1 /* ErrorLabel.swift in Sources */,
				420B2DED2427EF0400A6BEF9 /* AddButtonUIButton.swift in Sources */,
				42B21D5F23D608F800E1EC17 /* UspevTableViewController.swift in Sources */,
				426AD0DF2391456A003362B1 /* UserLogin.swift in Sources */,
				4248818723C9D6DF003BB98F /* RspByTeacherUIVIew.swift in Sources */,
				4247D4FB2417A3C900A1DBD2 /* CardInCellBlueUIView.swift in Sources */,
				42B28888244468EA00D702DE /* StudentInfoTableViewController.swift in Sources */,
				424525D2238ED431008C5EBD /* SceneDelegate.swift in Sources */,
				42B4A27A24324D330026F526 /* CountLabelUILabel.swift in Sources */,
				426AD0E323914961003362B1 /* UserModel.swift in Sources */,
				42BFCFCF2434EC950018D6D5 /* UploadFileTableViewController.swift in Sources */,
				42D5F0B32441EABC00BDFF29 /* TeacherFileInFolderViewController.swift in Sources */,
				420B2DEB2424E22C00A6BEF9 /* FileToShowModelController.swift in Sources */,
				42A8316223C0B8690012BC66 /* HttpServiceRaspisanieTeacher.swift in Sources */,
				42FC7B2B23CD08F600855FAD /* TableRaspisanieByGroupUIView.swift in Sources */,
				4248818923CA19AC003BB98F /* UserTitleUILabel.swift in Sources */,
				4245396F2399623200126ED6 /* CloseViewUIView.swift in Sources */,
				4248818523C9D0EE003BB98F /* TableRaspisanieByTeacherUIView.swift in Sources */,
				4214FDC123AF96EA00F543C9 /* DayRaspisUIView.swift in Sources */,
			);
			runOnlyForDeploymentPostprocessing = 0;
		};
/* End PBXSourcesBuildPhase section */

/* Begin PBXVariantGroup section */
		424525D5238ED431008C5EBD /* Main.storyboard */ = {
			isa = PBXVariantGroup;
			children = (
				424525D6238ED431008C5EBD /* Base */,
			);
			name = Main.storyboard;
			sourceTree = "<group>";
		};
		424525DA238ED435008C5EBD /* LaunchScreen.storyboard */ = {
			isa = PBXVariantGroup;
			children = (
				424525DB238ED435008C5EBD /* Base */,
			);
			name = LaunchScreen.storyboard;
			sourceTree = "<group>";
		};
/* End PBXVariantGroup section */

/* Begin XCBuildConfiguration section */
		424525DE238ED435008C5EBD /* Debug */ = {
			isa = XCBuildConfiguration;
			buildSettings = {
				ALWAYS_SEARCH_USER_PATHS = NO;
				CLANG_ANALYZER_NONNULL = YES;
				CLANG_ANALYZER_NUMBER_OBJECT_CONVERSION = YES_AGGRESSIVE;
				CLANG_CXX_LANGUAGE_STANDARD = "gnu++14";
				CLANG_CXX_LIBRARY = "libc++";
				CLANG_ENABLE_MODULES = YES;
				CLANG_ENABLE_OBJC_ARC = YES;
				CLANG_ENABLE_OBJC_WEAK = YES;
				CLANG_WARN_BLOCK_CAPTURE_AUTORELEASING = YES;
				CLANG_WARN_BOOL_CONVERSION = YES;
				CLANG_WARN_COMMA = YES;
				CLANG_WARN_CONSTANT_CONVERSION = YES;
				CLANG_WARN_DEPRECATED_OBJC_IMPLEMENTATIONS = YES;
				CLANG_WARN_DIRECT_OBJC_ISA_USAGE = YES_ERROR;
				CLANG_WARN_DOCUMENTATION_COMMENTS = YES;
				CLANG_WARN_EMPTY_BODY = YES;
				CLANG_WARN_ENUM_CONVERSION = YES;
				CLANG_WARN_INFINITE_RECURSION = YES;
				CLANG_WARN_INT_CONVERSION = YES;
				CLANG_WARN_NON_LITERAL_NULL_CONVERSION = YES;
				CLANG_WARN_OBJC_IMPLICIT_RETAIN_SELF = YES;
				CLANG_WARN_OBJC_LITERAL_CONVERSION = YES;
				CLANG_WARN_OBJC_ROOT_CLASS = YES_ERROR;
				CLANG_WARN_RANGE_LOOP_ANALYSIS = YES;
				CLANG_WARN_STRICT_PROTOTYPES = YES;
				CLANG_WARN_SUSPICIOUS_MOVE = YES;
				CLANG_WARN_UNGUARDED_AVAILABILITY = YES_AGGRESSIVE;
				CLANG_WARN_UNREACHABLE_CODE = YES;
				CLANG_WARN__DUPLICATE_METHOD_MATCH = YES;
				COPY_PHASE_STRIP = NO;
				DEBUG_INFORMATION_FORMAT = dwarf;
				ENABLE_STRICT_OBJC_MSGSEND = YES;
				ENABLE_TESTABILITY = YES;
				GCC_C_LANGUAGE_STANDARD = gnu11;
				GCC_DYNAMIC_NO_PIC = NO;
				GCC_NO_COMMON_BLOCKS = YES;
				GCC_OPTIMIZATION_LEVEL = 0;
				GCC_PREPROCESSOR_DEFINITIONS = (
					"DEBUG=1",
					"$(inherited)",
				);
				GCC_WARN_64_TO_32_BIT_CONVERSION = YES;
				GCC_WARN_ABOUT_RETURN_TYPE = YES_ERROR;
				GCC_WARN_UNDECLARED_SELECTOR = YES;
				GCC_WARN_UNINITIALIZED_AUTOS = YES_AGGRESSIVE;
				GCC_WARN_UNUSED_FUNCTION = YES;
				GCC_WARN_UNUSED_VARIABLE = YES;
				IPHONEOS_DEPLOYMENT_TARGET = 13.2;
				MTL_ENABLE_DEBUG_INFO = INCLUDE_SOURCE;
				MTL_FAST_MATH = YES;
				ONLY_ACTIVE_ARCH = YES;
				SDKROOT = iphoneos;
				SWIFT_ACTIVE_COMPILATION_CONDITIONS = DEBUG;
				SWIFT_OPTIMIZATION_LEVEL = "-Onone";
			};
			name = Debug;
		};
		424525DF238ED435008C5EBD /* Release */ = {
			isa = XCBuildConfiguration;
			buildSettings = {
				ALWAYS_SEARCH_USER_PATHS = NO;
				CLANG_ANALYZER_NONNULL = YES;
				CLANG_ANALYZER_NUMBER_OBJECT_CONVERSION = YES_AGGRESSIVE;
				CLANG_CXX_LANGUAGE_STANDARD = "gnu++14";
				CLANG_CXX_LIBRARY = "libc++";
				CLANG_ENABLE_MODULES = YES;
				CLANG_ENABLE_OBJC_ARC = YES;
				CLANG_ENABLE_OBJC_WEAK = YES;
				CLANG_WARN_BLOCK_CAPTURE_AUTORELEASING = YES;
				CLANG_WARN_BOOL_CONVERSION = YES;
				CLANG_WARN_COMMA = YES;
				CLANG_WARN_CONSTANT_CONVERSION = YES;
				CLANG_WARN_DEPRECATED_OBJC_IMPLEMENTATIONS = YES;
				CLANG_WARN_DIRECT_OBJC_ISA_USAGE = YES_ERROR;
				CLANG_WARN_DOCUMENTATION_COMMENTS = YES;
				CLANG_WARN_EMPTY_BODY = YES;
				CLANG_WARN_ENUM_CONVERSION = YES;
				CLANG_WARN_INFINITE_RECURSION = YES;
				CLANG_WARN_INT_CONVERSION = YES;
				CLANG_WARN_NON_LITERAL_NULL_CONVERSION = YES;
				CLANG_WARN_OBJC_IMPLICIT_RETAIN_SELF = YES;
				CLANG_WARN_OBJC_LITERAL_CONVERSION = YES;
				CLANG_WARN_OBJC_ROOT_CLASS = YES_ERROR;
				CLANG_WARN_RANGE_LOOP_ANALYSIS = YES;
				CLANG_WARN_STRICT_PROTOTYPES = YES;
				CLANG_WARN_SUSPICIOUS_MOVE = YES;
				CLANG_WARN_UNGUARDED_AVAILABILITY = YES_AGGRESSIVE;
				CLANG_WARN_UNREACHABLE_CODE = YES;
				CLANG_WARN__DUPLICATE_METHOD_MATCH = YES;
				COPY_PHASE_STRIP = NO;
				DEBUG_INFORMATION_FORMAT = "dwarf-with-dsym";
				ENABLE_NS_ASSERTIONS = NO;
				ENABLE_STRICT_OBJC_MSGSEND = YES;
				GCC_C_LANGUAGE_STANDARD = gnu11;
				GCC_NO_COMMON_BLOCKS = YES;
				GCC_WARN_64_TO_32_BIT_CONVERSION = YES;
				GCC_WARN_ABOUT_RETURN_TYPE = YES_ERROR;
				GCC_WARN_UNDECLARED_SELECTOR = YES;
				GCC_WARN_UNINITIALIZED_AUTOS = YES_AGGRESSIVE;
				GCC_WARN_UNUSED_FUNCTION = YES;
				GCC_WARN_UNUSED_VARIABLE = YES;
				IPHONEOS_DEPLOYMENT_TARGET = 13.2;
				MTL_ENABLE_DEBUG_INFO = NO;
				MTL_FAST_MATH = YES;
				SDKROOT = iphoneos;
				SWIFT_COMPILATION_MODE = wholemodule;
				SWIFT_OPTIMIZATION_LEVEL = "-O";
				VALIDATE_PRODUCT = YES;
			};
			name = Release;
		};
		424525E1238ED435008C5EBD /* Debug */ = {
			isa = XCBuildConfiguration;
			buildSettings = {
				ASSETCATALOG_COMPILER_APPICON_NAME = AppIcon;
				CODE_SIGN_STYLE = Automatic;
				DEVELOPMENT_TEAM = ZVKQ6JXF49;
				INFOPLIST_FILE = "Bazis MADI/Info.plist";
				IPHONEOS_DEPLOYMENT_TARGET = 13.0;
				LD_RUNPATH_SEARCH_PATHS = (
					"$(inherited)",
					"@executable_path/Frameworks",
				);
				PRODUCT_BUNDLE_IDENTIFIER = "-.Bazis-MADI";
				PRODUCT_NAME = "МАДИ";
				SWIFT_VERSION = 5.0;
				TARGETED_DEVICE_FAMILY = "1,2";
			};
			name = Debug;
		};
		424525E2238ED435008C5EBD /* Release */ = {
			isa = XCBuildConfiguration;
			buildSettings = {
				ASSETCATALOG_COMPILER_APPICON_NAME = AppIcon;
				CODE_SIGN_STYLE = Automatic;
				DEVELOPMENT_TEAM = ZVKQ6JXF49;
				INFOPLIST_FILE = "Bazis MADI/Info.plist";
				IPHONEOS_DEPLOYMENT_TARGET = 13.0;
				LD_RUNPATH_SEARCH_PATHS = (
					"$(inherited)",
					"@executable_path/Frameworks",
				);
				PRODUCT_BUNDLE_IDENTIFIER = "-.Bazis-MADI";
				PRODUCT_NAME = "МАДИ";
				SWIFT_VERSION = 5.0;
				TARGETED_DEVICE_FAMILY = "1,2";
			};
			name = Release;
		};
/* End XCBuildConfiguration section */

/* Begin XCConfigurationList section */
		424525C7238ED431008C5EBD /* Build configuration list for PBXProject "Bazis MADI" */ = {
			isa = XCConfigurationList;
			buildConfigurations = (
				424525DE238ED435008C5EBD /* Debug */,
				424525DF238ED435008C5EBD /* Release */,
			);
			defaultConfigurationIsVisible = 0;
			defaultConfigurationName = Release;
		};
		424525E0238ED435008C5EBD /* Build configuration list for PBXNativeTarget "Bazis MADI" */ = {
			isa = XCConfigurationList;
			buildConfigurations = (
				424525E1238ED435008C5EBD /* Debug */,
				424525E2238ED435008C5EBD /* Release */,
			);
			defaultConfigurationIsVisible = 0;
			defaultConfigurationName = Release;
		};
/* End XCConfigurationList section */
	};
	rootObject = 424525C4238ED431008C5EBD /* Project object */;
}
