// !$*UTF8*$!
{
	archiveVersion = 1;
	classes = {
	};
	objectVersion = 50;
	objects = {

/* Begin PBXBuildFile section */
		4209120323BE58A4005307F5 /* Teacher.storyboard in Resources */ = {isa = PBXBuildFile; fileRef = 4209120223BE58A4005307F5 /* Teacher.storyboard */; };
		420F9D1D23EC11D30096DAB7 /* ErrorViewUIView.swift in Sources */ = {isa = PBXBuildFile; fileRef = 420F9D1C23EC11D30096DAB7 /* ErrorViewUIView.swift */; };
		4214FDC123AF96EA00F543C9 /* DayRaspisUIView.swift in Sources */ = {isa = PBXBuildFile; fileRef = 4214FDC023AF96EA00F543C9 /* DayRaspisUIView.swift */; };
		4214FDC523B12EDD00F543C9 /* WeekRaspisanieController.swift in Sources */ = {isa = PBXBuildFile; fileRef = 4214FDC423B12EDD00F543C9 /* WeekRaspisanieController.swift */; };
		4241408023F13BD700408F9B /* HTTPServicePasswordChanged.swift in Sources */ = {isa = PBXBuildFile; fileRef = 4241407F23F13BD700408F9B /* HTTPServicePasswordChanged.swift */; };
		424525D0238ED431008C5EBD /* AppDelegate.swift in Sources */ = {isa = PBXBuildFile; fileRef = 424525CF238ED431008C5EBD /* AppDelegate.swift */; };
		424525D2238ED431008C5EBD /* SceneDelegate.swift in Sources */ = {isa = PBXBuildFile; fileRef = 424525D1238ED431008C5EBD /* SceneDelegate.swift */; };
		424525D4238ED431008C5EBD /* LoginViewController.swift in Sources */ = {isa = PBXBuildFile; fileRef = 424525D3238ED431008C5EBD /* LoginViewController.swift */; };
		424525D7238ED431008C5EBD /* Main.storyboard in Resources */ = {isa = PBXBuildFile; fileRef = 424525D5238ED431008C5EBD /* Main.storyboard */; };
		424525D9238ED435008C5EBD /* Assets.xcassets in Resources */ = {isa = PBXBuildFile; fileRef = 424525D8238ED435008C5EBD /* Assets.xcassets */; };
		424525DC238ED435008C5EBD /* LaunchScreen.storyboard in Resources */ = {isa = PBXBuildFile; fileRef = 424525DA238ED435008C5EBD /* LaunchScreen.storyboard */; };
		424525E4238ED814008C5EBD /* HomeTableVIewControllerTableViewController.swift in Sources */ = {isa = PBXBuildFile; fileRef = 424525E3238ED814008C5EBD /* HomeTableVIewControllerTableViewController.swift */; };
		424525E6238EE133008C5EBD /* Title1LabelUILabel.swift in Sources */ = {isa = PBXBuildFile; fileRef = 424525E5238EE133008C5EBD /* Title1LabelUILabel.swift */; };
		424525E8238EE8FF008C5EBD /* Title2LabelUILabel.swift in Sources */ = {isa = PBXBuildFile; fileRef = 424525E7238EE8FF008C5EBD /* Title2LabelUILabel.swift */; };
		424525EA238FBB1D008C5EBD /* InputButton1UIButton.swift in Sources */ = {isa = PBXBuildFile; fileRef = 424525E9238FBB1D008C5EBD /* InputButton1UIButton.swift */; };
		424525EC238FCB81008C5EBD /* LoginTextFieldUITextField.swift in Sources */ = {isa = PBXBuildFile; fileRef = 424525EB238FCB80008C5EBD /* LoginTextFieldUITextField.swift */; };
		4245396F2399623200126ED6 /* CloseViewUIView.swift in Sources */ = {isa = PBXBuildFile; fileRef = 4245396E2399623200126ED6 /* CloseViewUIView.swift */; };
		42453971239A518E00126ED6 /* SystemColor.swift in Sources */ = {isa = PBXBuildFile; fileRef = 42453970239A518E00126ED6 /* SystemColor.swift */; };
		42453973239AD8CB00126ED6 /* PasswordChangeViewController.swift in Sources */ = {isa = PBXBuildFile; fileRef = 42453972239AD8CB00126ED6 /* PasswordChangeViewController.swift */; };
		42453975239BED7200126ED6 /* PasswordChangeController.swift in Sources */ = {isa = PBXBuildFile; fileRef = 42453974239BED7200126ED6 /* PasswordChangeController.swift */; };
		4248818523C9D0EE003BB98F /* TableRaspisanieByTeacherUIView.swift in Sources */ = {isa = PBXBuildFile; fileRef = 4248818423C9D0EE003BB98F /* TableRaspisanieByTeacherUIView.swift */; };
		4248818723C9D6DF003BB98F /* RspByTeacherUIVIew.swift in Sources */ = {isa = PBXBuildFile; fileRef = 4248818623C9D6DF003BB98F /* RspByTeacherUIVIew.swift */; };
		4248818923CA19AC003BB98F /* UserTitleUILabel.swift in Sources */ = {isa = PBXBuildFile; fileRef = 4248818823CA19AC003BB98F /* UserTitleUILabel.swift */; };
		424DE36723C3846F00389B53 /* ClassesTeacherUIView.swift in Sources */ = {isa = PBXBuildFile; fileRef = 424DE36623C3846F00389B53 /* ClassesTeacherUIView.swift */; };
		424DE36923C398EA00389B53 /* SystemDevice.swift in Sources */ = {isa = PBXBuildFile; fileRef = 424DE36823C398EA00389B53 /* SystemDevice.swift */; };
		424DE36F23C6477200389B53 /* HomeTableTeacerController.swift in Sources */ = {isa = PBXBuildFile; fileRef = 424DE36E23C6477200389B53 /* HomeTableTeacerController.swift */; };
		424DE37123C6563B00389B53 /* Title4LabelUILabel.swift in Sources */ = {isa = PBXBuildFile; fileRef = 424DE37023C6563B00389B53 /* Title4LabelUILabel.swift */; };
		424DE37323C65EC400389B53 /* RaspisanieExamModel.swift in Sources */ = {isa = PBXBuildFile; fileRef = 424DE37223C65EC400389B53 /* RaspisanieExamModel.swift */; };
		42524D5823E1980F00D9B97E /* UspevStructDataByObject.swift in Sources */ = {isa = PBXBuildFile; fileRef = 42524D5723E1980F00D9B97E /* UspevStructDataByObject.swift */; };
		42524D5A23E4248400D9B97E /* UspevByObjTableViewCell.swift in Sources */ = {isa = PBXBuildFile; fileRef = 42524D5923E4248400D9B97E /* UspevByObjTableViewCell.swift */; };
		425467FC2397B656001D26AA /* KeySessionController.swift in Sources */ = {isa = PBXBuildFile; fileRef = 425467FB2397B656001D26AA /* KeySessionController.swift */; };
		425467FE2398E9E2001D26AA /* UserDataController.swift in Sources */ = {isa = PBXBuildFile; fileRef = 425467FD2398E9E2001D26AA /* UserDataController.swift */; };
		425468012398ED18001D26AA /* UserLoginData.swift in Sources */ = {isa = PBXBuildFile; fileRef = 425468002398ED18001D26AA /* UserLoginData.swift */; };
		426AD0DF2391456A003362B1 /* UserLogin.swift in Sources */ = {isa = PBXBuildFile; fileRef = 426AD0DE2391456A003362B1 /* UserLogin.swift */; };
		426AD0E323914961003362B1 /* UserModel.swift in Sources */ = {isa = PBXBuildFile; fileRef = 426AD0E223914961003362B1 /* UserModel.swift */; };
		426AD0E523914AC4003362B1 /* HttpService.swift in Sources */ = {isa = PBXBuildFile; fileRef = 426AD0E423914AC4003362B1 /* HttpService.swift */; };
		426AD0E723917617003362B1 /* LoginController.swift in Sources */ = {isa = PBXBuildFile; fileRef = 426AD0E623917617003362B1 /* LoginController.swift */; };
		426AD0EB23940F22003362B1 /* ErrorLabel.swift in Sources */ = {isa = PBXBuildFile; fileRef = 426AD0EA23940F22003362B1 /* ErrorLabel.swift */; };
		42A75FD223A14A240083B3EC /* TableRaspisanieUIView.swift in Sources */ = {isa = PBXBuildFile; fileRef = 42A75FD123A14A240083B3EC /* TableRaspisanieUIView.swift */; };
		42A75FD423A14D8C0083B3EC /* RaspisanieModel.swift in Sources */ = {isa = PBXBuildFile; fileRef = 42A75FD323A14D8C0083B3EC /* RaspisanieModel.swift */; };
		42A75FD623A152610083B3EC /* HttpServiceRaspisanie.swift in Sources */ = {isa = PBXBuildFile; fileRef = 42A75FD523A152610083B3EC /* HttpServiceRaspisanie.swift */; };
		42A8315B23BFA4F80012BC66 /* MainTableTeacherViewController.swift in Sources */ = {isa = PBXBuildFile; fileRef = 42A8315A23BFA4F80012BC66 /* MainTableTeacherViewController.swift */; };
		42A8315D23BFB1990012BC66 /* TableRaspisanieTeacerViewController.swift in Sources */ = {isa = PBXBuildFile; fileRef = 42A8315C23BFB1990012BC66 /* TableRaspisanieTeacerViewController.swift */; };
		42A8315F23C0B5280012BC66 /* RaspisanieModelTeacher.swift in Sources */ = {isa = PBXBuildFile; fileRef = 42A8315E23C0B5280012BC66 /* RaspisanieModelTeacher.swift */; };
		42A8316223C0B8690012BC66 /* HttpServiceRaspisanieTeacher.swift in Sources */ = {isa = PBXBuildFile; fileRef = 42A8316123C0B8690012BC66 /* HttpServiceRaspisanieTeacher.swift */; };
		42A8316423C10F540012BC66 /* DayliRaspisPrepodUIView.swift in Sources */ = {isa = PBXBuildFile; fileRef = 42A8316323C10F540012BC66 /* DayliRaspisPrepodUIView.swift */; };
		42B21D5923D49D6600E1EC17 /* Title5LabelUILabel.swift in Sources */ = {isa = PBXBuildFile; fileRef = 42B21D5823D49D6600E1EC17 /* Title5LabelUILabel.swift */; };
		42B21D5F23D608F800E1EC17 /* UspevTableViewController.swift in Sources */ = {isa = PBXBuildFile; fileRef = 42B21D5E23D608F800E1EC17 /* UspevTableViewController.swift */; };
		42B21D6223D60BA200E1EC17 /* HttpServiceUspev.swift in Sources */ = {isa = PBXBuildFile; fileRef = 42B21D6123D60BA200E1EC17 /* HttpServiceUspev.swift */; };
		42B21D6423D75E9100E1EC17 /* UspevModel.swift in Sources */ = {isa = PBXBuildFile; fileRef = 42B21D6323D75E9100E1EC17 /* UspevModel.swift */; };
		42B21D6623D778A200E1EC17 /* UspevTableViewCell.swift in Sources */ = {isa = PBXBuildFile; fileRef = 42B21D6523D778A200E1EC17 /* UspevTableViewCell.swift */; };
		42B7C86223DB505600BA320B /* UspevStructData.swift in Sources */ = {isa = PBXBuildFile; fileRef = 42B7C86123DB505600BA320B /* UspevStructData.swift */; };
		42BA287E239D16FC00ED1D3F /* MainTableViewController.swift in Sources */ = {isa = PBXBuildFile; fileRef = 42BA287D239D16FC00ED1D3F /* MainTableViewController.swift */; };
		42CB259B23CF37FA007DEA69 /* InfioTeacherTableViewController.swift in Sources */ = {isa = PBXBuildFile; fileRef = 42CB259A23CF37FA007DEA69 /* InfioTeacherTableViewController.swift */; };
		42CB259D23CF8C11007DEA69 /* MessegeButtonUIButton.swift in Sources */ = {isa = PBXBuildFile; fileRef = 42CB259C23CF8C11007DEA69 /* MessegeButtonUIButton.swift */; };
		42CDC01B23B7DEE500A86A42 /* ClassesUIView.swift in Sources */ = {isa = PBXBuildFile; fileRef = 42CDC01A23B7DEE500A86A42 /* ClassesUIView.swift */; };
		42CDC01D23B7E82600A86A42 /* Title3LabelUILabel.swift in Sources */ = {isa = PBXBuildFile; fileRef = 42CDC01C23B7E82600A86A42 /* Title3LabelUILabel.swift */; };
		42D41BF423C7156A0077DE0C /* TableRaspisanieExamsUIVIew.swift in Sources */ = {isa = PBXBuildFile; fileRef = 42D41BF323C7156A0077DE0C /* TableRaspisanieExamsUIVIew.swift */; };
		42D41BF823C71B9B0077DE0C /* TitleT1WLabelUILabel.swift in Sources */ = {isa = PBXBuildFile; fileRef = 42D41BF723C71B9B0077DE0C /* TitleT1WLabelUILabel.swift */; };
		42D41BFA23C758AF0077DE0C /* ExamUIView.swift in Sources */ = {isa = PBXBuildFile; fileRef = 42D41BF923C758AF0077DE0C /* ExamUIView.swift */; };
		42FC7B2B23CD08F600855FAD /* TableRaspisanieByGroupUIView.swift in Sources */ = {isa = PBXBuildFile; fileRef = 42FC7B2A23CD08F600855FAD /* TableRaspisanieByGroupUIView.swift */; };
		42FC7B2D23CDC57800855FAD /* RspByGroupUIVIew.swift in Sources */ = {isa = PBXBuildFile; fileRef = 42FC7B2C23CDC57800855FAD /* RspByGroupUIVIew.swift */; };
/* End PBXBuildFile section */

/* Begin PBXFileReference section */
		4209120223BE58A4005307F5 /* Teacher.storyboard */ = {isa = PBXFileReference; lastKnownFileType = file.storyboard; path = Teacher.storyboard; sourceTree = "<group>"; };
		420F9D1C23EC11D30096DAB7 /* ErrorViewUIView.swift */ = {isa = PBXFileReference; lastKnownFileType = sourcecode.swift; path = ErrorViewUIView.swift; sourceTree = "<group>"; };
		4214FDC023AF96EA00F543C9 /* DayRaspisUIView.swift */ = {isa = PBXFileReference; lastKnownFileType = sourcecode.swift; path = DayRaspisUIView.swift; sourceTree = "<group>"; };
		4214FDC423B12EDD00F543C9 /* WeekRaspisanieController.swift */ = {isa = PBXFileReference; lastKnownFileType = sourcecode.swift; path = WeekRaspisanieController.swift; sourceTree = "<group>"; };
		4241407F23F13BD700408F9B /* HTTPServicePasswordChanged.swift */ = {isa = PBXFileReference; lastKnownFileType = sourcecode.swift; path = HTTPServicePasswordChanged.swift; sourceTree = "<group>"; };
		424525CC238ED431008C5EBD /* Bazis MADI.app */ = {isa = PBXFileReference; explicitFileType = wrapper.application; includeInIndex = 0; path = "Bazis MADI.app"; sourceTree = BUILT_PRODUCTS_DIR; };
		424525CF238ED431008C5EBD /* AppDelegate.swift */ = {isa = PBXFileReference; lastKnownFileType = sourcecode.swift; path = AppDelegate.swift; sourceTree = "<group>"; };
		424525D1238ED431008C5EBD /* SceneDelegate.swift */ = {isa = PBXFileReference; lastKnownFileType = sourcecode.swift; path = SceneDelegate.swift; sourceTree = "<group>"; };
		424525D3238ED431008C5EBD /* LoginViewController.swift */ = {isa = PBXFileReference; lastKnownFileType = sourcecode.swift; path = LoginViewController.swift; sourceTree = "<group>"; };
		424525D6238ED431008C5EBD /* Base */ = {isa = PBXFileReference; lastKnownFileType = file.storyboard; name = Base; path = Base.lproj/Main.storyboard; sourceTree = "<group>"; };
		424525D8238ED435008C5EBD /* Assets.xcassets */ = {isa = PBXFileReference; lastKnownFileType = folder.assetcatalog; path = Assets.xcassets; sourceTree = "<group>"; };
		424525DB238ED435008C5EBD /* Base */ = {isa = PBXFileReference; lastKnownFileType = file.storyboard; name = Base; path = Base.lproj/LaunchScreen.storyboard; sourceTree = "<group>"; };
		424525DD238ED435008C5EBD /* Info.plist */ = {isa = PBXFileReference; lastKnownFileType = text.plist.xml; path = Info.plist; sourceTree = "<group>"; };
		424525E3238ED814008C5EBD /* HomeTableVIewControllerTableViewController.swift */ = {isa = PBXFileReference; lastKnownFileType = sourcecode.swift; path = HomeTableVIewControllerTableViewController.swift; sourceTree = "<group>"; };
		424525E5238EE133008C5EBD /* Title1LabelUILabel.swift */ = {isa = PBXFileReference; lastKnownFileType = sourcecode.swift; path = Title1LabelUILabel.swift; sourceTree = "<group>"; };
		424525E7238EE8FF008C5EBD /* Title2LabelUILabel.swift */ = {isa = PBXFileReference; lastKnownFileType = sourcecode.swift; path = Title2LabelUILabel.swift; sourceTree = "<group>"; };
		424525E9238FBB1D008C5EBD /* InputButton1UIButton.swift */ = {isa = PBXFileReference; lastKnownFileType = sourcecode.swift; path = InputButton1UIButton.swift; sourceTree = "<group>"; };
		424525EB238FCB80008C5EBD /* LoginTextFieldUITextField.swift */ = {isa = PBXFileReference; lastKnownFileType = sourcecode.swift; path = LoginTextFieldUITextField.swift; sourceTree = "<group>"; };
		4245396E2399623200126ED6 /* CloseViewUIView.swift */ = {isa = PBXFileReference; lastKnownFileType = sourcecode.swift; path = CloseViewUIView.swift; sourceTree = "<group>"; };
		42453970239A518E00126ED6 /* SystemColor.swift */ = {isa = PBXFileReference; lastKnownFileType = sourcecode.swift; path = SystemColor.swift; sourceTree = "<group>"; };
		42453972239AD8CB00126ED6 /* PasswordChangeViewController.swift */ = {isa = PBXFileReference; lastKnownFileType = sourcecode.swift; path = PasswordChangeViewController.swift; sourceTree = "<group>"; };
		42453974239BED7200126ED6 /* PasswordChangeController.swift */ = {isa = PBXFileReference; lastKnownFileType = sourcecode.swift; path = PasswordChangeController.swift; sourceTree = "<group>"; };
		4248818423C9D0EE003BB98F /* TableRaspisanieByTeacherUIView.swift */ = {isa = PBXFileReference; lastKnownFileType = sourcecode.swift; path = TableRaspisanieByTeacherUIView.swift; sourceTree = "<group>"; };
		4248818623C9D6DF003BB98F /* RspByTeacherUIVIew.swift */ = {isa = PBXFileReference; lastKnownFileType = sourcecode.swift; path = RspByTeacherUIVIew.swift; sourceTree = "<group>"; };
		4248818823CA19AC003BB98F /* UserTitleUILabel.swift */ = {isa = PBXFileReference; lastKnownFileType = sourcecode.swift; path = UserTitleUILabel.swift; sourceTree = "<group>"; };
		424DE36623C3846F00389B53 /* ClassesTeacherUIView.swift */ = {isa = PBXFileReference; lastKnownFileType = sourcecode.swift; path = ClassesTeacherUIView.swift; sourceTree = "<group>"; };
		424DE36823C398EA00389B53 /* SystemDevice.swift */ = {isa = PBXFileReference; lastKnownFileType = sourcecode.swift; path = SystemDevice.swift; sourceTree = "<group>"; };
		424DE36E23C6477200389B53 /* HomeTableTeacerController.swift */ = {isa = PBXFileReference; lastKnownFileType = sourcecode.swift; path = HomeTableTeacerController.swift; sourceTree = "<group>"; };
		424DE37023C6563B00389B53 /* Title4LabelUILabel.swift */ = {isa = PBXFileReference; lastKnownFileType = sourcecode.swift; path = Title4LabelUILabel.swift; sourceTree = "<group>"; };
		424DE37223C65EC400389B53 /* RaspisanieExamModel.swift */ = {isa = PBXFileReference; lastKnownFileType = sourcecode.swift; path = RaspisanieExamModel.swift; sourceTree = "<group>"; };
		42524D5723E1980F00D9B97E /* UspevStructDataByObject.swift */ = {isa = PBXFileReference; lastKnownFileType = sourcecode.swift; path = UspevStructDataByObject.swift; sourceTree = "<group>"; };
		42524D5923E4248400D9B97E /* UspevByObjTableViewCell.swift */ = {isa = PBXFileReference; lastKnownFileType = sourcecode.swift; path = UspevByObjTableViewCell.swift; sourceTree = "<group>"; };
		425467FB2397B656001D26AA /* KeySessionController.swift */ = {isa = PBXFileReference; lastKnownFileType = sourcecode.swift; path = KeySessionController.swift; sourceTree = "<group>"; };
		425467FD2398E9E2001D26AA /* UserDataController.swift */ = {isa = PBXFileReference; lastKnownFileType = sourcecode.swift; path = UserDataController.swift; sourceTree = "<group>"; };
		425468002398ED18001D26AA /* UserLoginData.swift */ = {isa = PBXFileReference; lastKnownFileType = sourcecode.swift; path = UserLoginData.swift; sourceTree = "<group>"; };
		426AD0DE2391456A003362B1 /* UserLogin.swift */ = {isa = PBXFileReference; lastKnownFileType = sourcecode.swift; path = UserLogin.swift; sourceTree = "<group>"; };
		426AD0E223914961003362B1 /* UserModel.swift */ = {isa = PBXFileReference; lastKnownFileType = sourcecode.swift; path = UserModel.swift; sourceTree = "<group>"; };
		426AD0E423914AC4003362B1 /* HttpService.swift */ = {isa = PBXFileReference; lastKnownFileType = sourcecode.swift; path = HttpService.swift; sourceTree = "<group>"; };
		426AD0E623917617003362B1 /* LoginController.swift */ = {isa = PBXFileReference; lastKnownFileType = sourcecode.swift; path = LoginController.swift; sourceTree = "<group>"; };
		426AD0EA23940F22003362B1 /* ErrorLabel.swift */ = {isa = PBXFileReference; lastKnownFileType = sourcecode.swift; path = ErrorLabel.swift; sourceTree = "<group>"; };
		42A75FD123A14A240083B3EC /* TableRaspisanieUIView.swift */ = {isa = PBXFileReference; lastKnownFileType = sourcecode.swift; path = TableRaspisanieUIView.swift; sourceTree = "<group>"; };
		42A75FD323A14D8C0083B3EC /* RaspisanieModel.swift */ = {isa = PBXFileReference; lastKnownFileType = sourcecode.swift; path = RaspisanieModel.swift; sourceTree = "<group>"; };
		42A75FD523A152610083B3EC /* HttpServiceRaspisanie.swift */ = {isa = PBXFileReference; lastKnownFileType = sourcecode.swift; path = HttpServiceRaspisanie.swift; sourceTree = "<group>"; };
		42A8315A23BFA4F80012BC66 /* MainTableTeacherViewController.swift */ = {isa = PBXFileReference; lastKnownFileType = sourcecode.swift; path = MainTableTeacherViewController.swift; sourceTree = "<group>"; };
		42A8315C23BFB1990012BC66 /* TableRaspisanieTeacerViewController.swift */ = {isa = PBXFileReference; lastKnownFileType = sourcecode.swift; path = TableRaspisanieTeacerViewController.swift; sourceTree = "<group>"; };
		42A8315E23C0B5280012BC66 /* RaspisanieModelTeacher.swift */ = {isa = PBXFileReference; lastKnownFileType = sourcecode.swift; path = RaspisanieModelTeacher.swift; sourceTree = "<group>"; };
		42A8316123C0B8690012BC66 /* HttpServiceRaspisanieTeacher.swift */ = {isa = PBXFileReference; lastKnownFileType = sourcecode.swift; path = HttpServiceRaspisanieTeacher.swift; sourceTree = "<group>"; };
		42A8316323C10F540012BC66 /* DayliRaspisPrepodUIView.swift */ = {isa = PBXFileReference; lastKnownFileType = sourcecode.swift; path = DayliRaspisPrepodUIView.swift; sourceTree = "<group>"; };
		42B21D5823D49D6600E1EC17 /* Title5LabelUILabel.swift */ = {isa = PBXFileReference; lastKnownFileType = sourcecode.swift; path = Title5LabelUILabel.swift; sourceTree = "<group>"; };
		42B21D5E23D608F800E1EC17 /* UspevTableViewController.swift */ = {isa = PBXFileReference; lastKnownFileType = sourcecode.swift; path = UspevTableViewController.swift; sourceTree = "<group>"; };
		42B21D6123D60BA200E1EC17 /* HttpServiceUspev.swift */ = {isa = PBXFileReference; lastKnownFileType = sourcecode.swift; path = HttpServiceUspev.swift; sourceTree = "<group>"; };
		42B21D6323D75E9100E1EC17 /* UspevModel.swift */ = {isa = PBXFileReference; lastKnownFileType = sourcecode.swift; path = UspevModel.swift; sourceTree = "<group>"; };
		42B21D6523D778A200E1EC17 /* UspevTableViewCell.swift */ = {isa = PBXFileReference; lastKnownFileType = sourcecode.swift; path = UspevTableViewCell.swift; sourceTree = "<group>"; };
		42B7C86123DB505600BA320B /* UspevStructData.swift */ = {isa = PBXFileReference; lastKnownFileType = sourcecode.swift; path = UspevStructData.swift; sourceTree = "<group>"; };
		42BA287D239D16FC00ED1D3F /* MainTableViewController.swift */ = {isa = PBXFileReference; lastKnownFileType = sourcecode.swift; path = MainTableViewController.swift; sourceTree = "<group>"; };
		42CB259A23CF37FA007DEA69 /* InfioTeacherTableViewController.swift */ = {isa = PBXFileReference; lastKnownFileType = sourcecode.swift; path = InfioTeacherTableViewController.swift; sourceTree = "<group>"; };
		42CB259C23CF8C11007DEA69 /* MessegeButtonUIButton.swift */ = {isa = PBXFileReference; lastKnownFileType = sourcecode.swift; path = MessegeButtonUIButton.swift; sourceTree = "<group>"; };
		42CDC01A23B7DEE500A86A42 /* ClassesUIView.swift */ = {isa = PBXFileReference; lastKnownFileType = sourcecode.swift; path = ClassesUIView.swift; sourceTree = "<group>"; };
		42CDC01C23B7E82600A86A42 /* Title3LabelUILabel.swift */ = {isa = PBXFileReference; lastKnownFileType = sourcecode.swift; path = Title3LabelUILabel.swift; sourceTree = "<group>"; };
		42D41BF323C7156A0077DE0C /* TableRaspisanieExamsUIVIew.swift */ = {isa = PBXFileReference; lastKnownFileType = sourcecode.swift; path = TableRaspisanieExamsUIVIew.swift; sourceTree = "<group>"; };
		42D41BF723C71B9B0077DE0C /* TitleT1WLabelUILabel.swift */ = {isa = PBXFileReference; lastKnownFileType = sourcecode.swift; path = TitleT1WLabelUILabel.swift; sourceTree = "<group>"; };
		42D41BF923C758AF0077DE0C /* ExamUIView.swift */ = {isa = PBXFileReference; lastKnownFileType = sourcecode.swift; path = ExamUIView.swift; sourceTree = "<group>"; };
		42FC7B2A23CD08F600855FAD /* TableRaspisanieByGroupUIView.swift */ = {isa = PBXFileReference; lastKnownFileType = sourcecode.swift; path = TableRaspisanieByGroupUIView.swift; sourceTree = "<group>"; };
		42FC7B2C23CDC57800855FAD /* RspByGroupUIVIew.swift */ = {isa = PBXFileReference; lastKnownFileType = sourcecode.swift; path = RspByGroupUIVIew.swift; sourceTree = "<group>"; };
/* End PBXFileReference section */

/* Begin PBXFrameworksBuildPhase section */
		424525C9238ED431008C5EBD /* Frameworks */ = {
			isa = PBXFrameworksBuildPhase;
			buildActionMask = 2147483647;
			files = (
			);
			runOnlyForDeploymentPostprocessing = 0;
		};
/* End PBXFrameworksBuildPhase section */

/* Begin PBXGroup section */
		4209120623BF9808005307F5 /* Teacher */ = {
			isa = PBXGroup;
			children = (
				424DE36A23C645BC00389B53 /* UserHomeView */,
				42A8315623BFA4350012BC66 /* MainView */,
			);
			path = Teacher;
			sourceTree = "<group>";
		};
		4209120723BF9822005307F5 /* Student */ = {
			isa = PBXGroup;
			children = (
				42B21D5A23D6087F00E1EC17 /* UspevView */,
				42CB259823CF37A7007DEA69 /* InfoTeacherView */,
				42CDC02423BB980D00A86A42 /* MainView */,
				42CDC02923BB99B800A86A42 /* UserHomeView */,
			);
			path = Student;
			sourceTree = "<group>";
		};
		4241407E23F13B6C00408F9B /* HTTPService */ = {
			isa = PBXGroup;
			children = (
				4241407F23F13BD700408F9B /* HTTPServicePasswordChanged.swift */,
			);
			path = HTTPService;
			sourceTree = "<group>";
		};
		424525C3238ED431008C5EBD = {
			isa = PBXGroup;
			children = (
				424525CE238ED431008C5EBD /* Bazis MADI */,
				424525CD238ED431008C5EBD /* Products */,
			);
			sourceTree = "<group>";
		};
		424525CD238ED431008C5EBD /* Products */ = {
			isa = PBXGroup;
			children = (
				424525CC238ED431008C5EBD /* Bazis MADI.app */,
			);
			name = Products;
			sourceTree = "<group>";
		};
		424525CE238ED431008C5EBD /* Bazis MADI */ = {
			isa = PBXGroup;
			children = (
				42CDC02D23BB9A2200A86A42 /* PasswordChangedVIew */,
				42CDC01F23BB96A600A86A42 /* LoginView */,
				426AD0DD2391440D003362B1 /* UIView */,
				4209120623BF9808005307F5 /* Teacher */,
				4209120723BF9822005307F5 /* Student */,
				42453970239A518E00126ED6 /* SystemColor.swift */,
				424DE36823C398EA00389B53 /* SystemDevice.swift */,
				425467F82397A9AA001D26AA /* Controller */,
				424525CF238ED431008C5EBD /* AppDelegate.swift */,
				424525D1238ED431008C5EBD /* SceneDelegate.swift */,
				424525D5238ED431008C5EBD /* Main.storyboard */,
				4209120223BE58A4005307F5 /* Teacher.storyboard */,
				424525D8238ED435008C5EBD /* Assets.xcassets */,
				424525DA238ED435008C5EBD /* LaunchScreen.storyboard */,
				424525DD238ED435008C5EBD /* Info.plist */,
			);
			path = "Bazis MADI";
			sourceTree = "<group>";
		};
		424DE36A23C645BC00389B53 /* UserHomeView */ = {
			isa = PBXGroup;
			children = (
				424DE36D23C6461300389B53 /* Controller */,
				424DE36C23C6460700389B53 /* View */,
				424DE36B23C645F900389B53 /* Model */,
			);
			path = UserHomeView;
			sourceTree = "<group>";
		};
		424DE36B23C645F900389B53 /* Model */ = {
			isa = PBXGroup;
			children = (
			);
			path = Model;
			sourceTree = "<group>";
		};
		424DE36C23C6460700389B53 /* View */ = {
			isa = PBXGroup;
			children = (
			);
			path = View;
			sourceTree = "<group>";
		};
		424DE36D23C6461300389B53 /* Controller */ = {
			isa = PBXGroup;
			children = (
				424DE36E23C6477200389B53 /* HomeTableTeacerController.swift */,
			);
			path = Controller;
			sourceTree = "<group>";
		};
		425467F82397A9AA001D26AA /* Controller */ = {
			isa = PBXGroup;
			children = (
				425467FB2397B656001D26AA /* KeySessionController.swift */,
			);
			path = Controller;
			sourceTree = "<group>";
		};
		426AD0DD2391440D003362B1 /* UIView */ = {
			isa = PBXGroup;
			children = (
				424525E5238EE133008C5EBD /* Title1LabelUILabel.swift */,
				424525EB238FCB80008C5EBD /* LoginTextFieldUITextField.swift */,
				424525E7238EE8FF008C5EBD /* Title2LabelUILabel.swift */,
				424525E9238FBB1D008C5EBD /* InputButton1UIButton.swift */,
				426AD0EA23940F22003362B1 /* ErrorLabel.swift */,
				4245396E2399623200126ED6 /* CloseViewUIView.swift */,
				42CDC01C23B7E82600A86A42 /* Title3LabelUILabel.swift */,
				424DE37023C6563B00389B53 /* Title4LabelUILabel.swift */,
				42D41BF723C71B9B0077DE0C /* TitleT1WLabelUILabel.swift */,
				4248818823CA19AC003BB98F /* UserTitleUILabel.swift */,
				42CB259C23CF8C11007DEA69 /* MessegeButtonUIButton.swift */,
				42B21D5823D49D6600E1EC17 /* Title5LabelUILabel.swift */,
				420F9D1C23EC11D30096DAB7 /* ErrorViewUIView.swift */,
			);
			path = UIView;
			sourceTree = "<group>";
		};
		42A8315623BFA4350012BC66 /* MainView */ = {
			isa = PBXGroup;
			children = (
				42A8315923BFA4800012BC66 /* Model */,
				42A8315823BFA4730012BC66 /* View */,
				42A8315723BFA4530012BC66 /* Controller */,
			);
			path = MainView;
			sourceTree = "<group>";
		};
		42A8315723BFA4530012BC66 /* Controller */ = {
			isa = PBXGroup;
			children = (
				42A8316023C0B8460012BC66 /* HTTPService */,
				42A8315A23BFA4F80012BC66 /* MainTableTeacherViewController.swift */,
			);
			path = Controller;
			sourceTree = "<group>";
		};
		42A8315823BFA4730012BC66 /* View */ = {
			isa = PBXGroup;
			children = (
				42A8315C23BFB1990012BC66 /* TableRaspisanieTeacerViewController.swift */,
				42A8316323C10F540012BC66 /* DayliRaspisPrepodUIView.swift */,
				424DE36623C3846F00389B53 /* ClassesTeacherUIView.swift */,
				42FC7B2A23CD08F600855FAD /* TableRaspisanieByGroupUIView.swift */,
				42FC7B2C23CDC57800855FAD /* RspByGroupUIVIew.swift */,
			);
			path = View;
			sourceTree = "<group>";
		};
		42A8315923BFA4800012BC66 /* Model */ = {
			isa = PBXGroup;
			children = (
				42A8315E23C0B5280012BC66 /* RaspisanieModelTeacher.swift */,
			);
			path = Model;
			sourceTree = "<group>";
		};
		42A8316023C0B8460012BC66 /* HTTPService */ = {
			isa = PBXGroup;
			children = (
				42A8316123C0B8690012BC66 /* HttpServiceRaspisanieTeacher.swift */,
			);
			path = HTTPService;
			sourceTree = "<group>";
		};
		42B21D5A23D6087F00E1EC17 /* UspevView */ = {
			isa = PBXGroup;
			children = (
				42B21D5D23D608C300E1EC17 /* Controller */,
				42B21D5C23D608BA00E1EC17 /* View */,
				42B21D5B23D608AF00E1EC17 /* Model */,
			);
			path = UspevView;
			sourceTree = "<group>";
		};
		42B21D5B23D608AF00E1EC17 /* Model */ = {
			isa = PBXGroup;
			children = (
				42B21D6323D75E9100E1EC17 /* UspevModel.swift */,
				42B7C86123DB505600BA320B /* UspevStructData.swift */,
				42524D5723E1980F00D9B97E /* UspevStructDataByObject.swift */,
			);
			path = Model;
			sourceTree = "<group>";
		};
		42B21D5C23D608BA00E1EC17 /* View */ = {
			isa = PBXGroup;
			children = (
				42B21D6523D778A200E1EC17 /* UspevTableViewCell.swift */,
				42524D5923E4248400D9B97E /* UspevByObjTableViewCell.swift */,
			);
			path = View;
			sourceTree = "<group>";
		};
		42B21D5D23D608C300E1EC17 /* Controller */ = {
			isa = PBXGroup;
			children = (
				42B21D6023D60B6E00E1EC17 /* HttpService */,
				42B21D5E23D608F800E1EC17 /* UspevTableViewController.swift */,
			);
			path = Controller;
			sourceTree = "<group>";
		};
		42B21D6023D60B6E00E1EC17 /* HttpService */ = {
			isa = PBXGroup;
			children = (
				42B21D6123D60BA200E1EC17 /* HttpServiceUspev.swift */,
			);
			path = HttpService;
			sourceTree = "<group>";
		};
		42CB259823CF37A7007DEA69 /* InfoTeacherView */ = {
			isa = PBXGroup;
			children = (
				42CB259A23CF37FA007DEA69 /* InfioTeacherTableViewController.swift */,
			);
			path = InfoTeacherView;
			sourceTree = "<group>";
		};
		42CDC01F23BB96A600A86A42 /* LoginView */ = {
			isa = PBXGroup;
			children = (
				42CDC02223BB96D600A86A42 /* Controller */,
				42CDC02123BB96C900A86A42 /* View */,
				42CDC02023BB96BF00A86A42 /* Model */,
			);
			path = LoginView;
			sourceTree = "<group>";
		};
		42CDC02023BB96BF00A86A42 /* Model */ = {
			isa = PBXGroup;
			children = (
				426AD0E223914961003362B1 /* UserModel.swift */,
			);
			path = Model;
			sourceTree = "<group>";
		};
		42CDC02123BB96C900A86A42 /* View */ = {
			isa = PBXGroup;
			children = (
				424525D3238ED431008C5EBD /* LoginViewController.swift */,
			);
			path = View;
			sourceTree = "<group>";
		};
		42CDC02223BB96D600A86A42 /* Controller */ = {
			isa = PBXGroup;
			children = (
				42CDC02323BB97D800A86A42 /* HTTPService */,
				426AD0E623917617003362B1 /* LoginController.swift */,
				425467FD2398E9E2001D26AA /* UserDataController.swift */,
				426AD0DE2391456A003362B1 /* UserLogin.swift */,
				425468002398ED18001D26AA /* UserLoginData.swift */,
			);
			path = Controller;
			sourceTree = "<group>";
		};
		42CDC02323BB97D800A86A42 /* HTTPService */ = {
			isa = PBXGroup;
			children = (
				426AD0E423914AC4003362B1 /* HttpService.swift */,
			);
			path = HTTPService;
			sourceTree = "<group>";
		};
		42CDC02423BB980D00A86A42 /* MainView */ = {
			isa = PBXGroup;
			children = (
				42CDC02723BB987200A86A42 /* Controller */,
				42CDC02623BB986500A86A42 /* View */,
				42CDC02523BB985400A86A42 /* Model */,
			);
			path = MainView;
			sourceTree = "<group>";
		};
		42CDC02523BB985400A86A42 /* Model */ = {
			isa = PBXGroup;
			children = (
				42A75FD323A14D8C0083B3EC /* RaspisanieModel.swift */,
				424DE37223C65EC400389B53 /* RaspisanieExamModel.swift */,
			);
			path = Model;
			sourceTree = "<group>";
		};
		42CDC02623BB986500A86A42 /* View */ = {
			isa = PBXGroup;
			children = (
				42A75FD123A14A240083B3EC /* TableRaspisanieUIView.swift */,
				4214FDC023AF96EA00F543C9 /* DayRaspisUIView.swift */,
				42CDC01A23B7DEE500A86A42 /* ClassesUIView.swift */,
				42D41BF323C7156A0077DE0C /* TableRaspisanieExamsUIVIew.swift */,
				42D41BF923C758AF0077DE0C /* ExamUIView.swift */,
				4248818423C9D0EE003BB98F /* TableRaspisanieByTeacherUIView.swift */,
				4248818623C9D6DF003BB98F /* RspByTeacherUIVIew.swift */,
			);
			path = View;
			sourceTree = "<group>";
		};
		42CDC02723BB987200A86A42 /* Controller */ = {
			isa = PBXGroup;
			children = (
				42CDC02823BB995600A86A42 /* HTTPService */,
				42BA287D239D16FC00ED1D3F /* MainTableViewController.swift */,
				4214FDC423B12EDD00F543C9 /* WeekRaspisanieController.swift */,
			);
			path = Controller;
			sourceTree = "<group>";
		};
		42CDC02823BB995600A86A42 /* HTTPService */ = {
			isa = PBXGroup;
			children = (
				42A75FD523A152610083B3EC /* HttpServiceRaspisanie.swift */,
			);
			path = HTTPService;
			sourceTree = "<group>";
		};
		42CDC02923BB99B800A86A42 /* UserHomeView */ = {
			isa = PBXGroup;
			children = (
				42CDC02C23BB99E200A86A42 /* Controller */,
				42CDC02B23BB99D900A86A42 /* View */,
				42CDC02A23BB99D300A86A42 /* Model */,
			);
			path = UserHomeView;
			sourceTree = "<group>";
		};
		42CDC02A23BB99D300A86A42 /* Model */ = {
			isa = PBXGroup;
			children = (
			);
			path = Model;
			sourceTree = "<group>";
		};
		42CDC02B23BB99D900A86A42 /* View */ = {
			isa = PBXGroup;
			children = (
			);
			path = View;
			sourceTree = "<group>";
		};
		42CDC02C23BB99E200A86A42 /* Controller */ = {
			isa = PBXGroup;
			children = (
				424525E3238ED814008C5EBD /* HomeTableVIewControllerTableViewController.swift */,
			);
			path = Controller;
			sourceTree = "<group>";
		};
		42CDC02D23BB9A2200A86A42 /* PasswordChangedVIew */ = {
			isa = PBXGroup;
			children = (
				42CDC03023BB9A4B00A86A42 /* Controller */,
				42CDC02F23BB9A4400A86A42 /* View */,
				42CDC02E23BB9A3C00A86A42 /* Model */,
			);
			path = PasswordChangedVIew;
			sourceTree = "<group>";
		};
		42CDC02E23BB9A3C00A86A42 /* Model */ = {
			isa = PBXGroup;
			children = (
			);
			path = Model;
			sourceTree = "<group>";
		};
		42CDC02F23BB9A4400A86A42 /* View */ = {
			isa = PBXGroup;
			children = (
				42453972239AD8CB00126ED6 /* PasswordChangeViewController.swift */,
			);
			path = View;
			sourceTree = "<group>";
		};
		42CDC03023BB9A4B00A86A42 /* Controller */ = {
			isa = PBXGroup;
			children = (
				4241407E23F13B6C00408F9B /* HTTPService */,
				42453974239BED7200126ED6 /* PasswordChangeController.swift */,
			);
			path = Controller;
			sourceTree = "<group>";
		};
/* End PBXGroup section */

/* Begin PBXNativeTarget section */
		424525CB238ED431008C5EBD /* Bazis MADI */ = {
			isa = PBXNativeTarget;
			buildConfigurationList = 424525E0238ED435008C5EBD /* Build configuration list for PBXNativeTarget "Bazis MADI" */;
			buildPhases = (
				424525C8238ED431008C5EBD /* Sources */,
				424525C9238ED431008C5EBD /* Frameworks */,
				424525CA238ED431008C5EBD /* Resources */,
			);
			buildRules = (
			);
			dependencies = (
			);
			name = "Bazis MADI";
			productName = "Bazis MADI";
			productReference = 424525CC238ED431008C5EBD /* Bazis MADI.app */;
			productType = "com.apple.product-type.application";
		};
/* End PBXNativeTarget section */

/* Begin PBXProject section */
		424525C4238ED431008C5EBD /* Project object */ = {
			isa = PBXProject;
			attributes = {
				LastSwiftUpdateCheck = 1120;
				LastUpgradeCheck = 1120;
				ORGANIZATIONNAME = "Всеволод Андрющенко";
				TargetAttributes = {
					424525CB238ED431008C5EBD = {
						CreatedOnToolsVersion = 11.2.1;
					};
				};
			};
			buildConfigurationList = 424525C7238ED431008C5EBD /* Build configuration list for PBXProject "Bazis MADI" */;
			compatibilityVersion = "Xcode 9.3";
			developmentRegion = en;
			hasScannedForEncodings = 0;
			knownRegions = (
				en,
				Base,
			);
			mainGroup = 424525C3238ED431008C5EBD;
			productRefGroup = 424525CD238ED431008C5EBD /* Products */;
			projectDirPath = "";
			projectRoot = "";
			targets = (
				424525CB238ED431008C5EBD /* Bazis MADI */,
			);
		};
/* End PBXProject section */

/* Begin PBXResourcesBuildPhase section */
		424525CA238ED431008C5EBD /* Resources */ = {
			isa = PBXResourcesBuildPhase;
			buildActionMask = 2147483647;
			files = (
				424525DC238ED435008C5EBD /* LaunchScreen.storyboard in Resources */,
				4209120323BE58A4005307F5 /* Teacher.storyboard in Resources */,
				424525D9238ED435008C5EBD /* Assets.xcassets in Resources */,
				424525D7238ED431008C5EBD /* Main.storyboard in Resources */,
			);
			runOnlyForDeploymentPostprocessing = 0;
		};
/* End PBXResourcesBuildPhase section */

/* Begin PBXSourcesBuildPhase section */
		424525C8238ED431008C5EBD /* Sources */ = {
			isa = PBXSourcesBuildPhase;
			buildActionMask = 2147483647;
			files = (
				42A8316423C10F540012BC66 /* DayliRaspisPrepodUIView.swift in Sources */,
				42BA287E239D16FC00ED1D3F /* MainTableViewController.swift in Sources */,
				426AD0E523914AC4003362B1 /* HttpService.swift in Sources */,
				424525EA238FBB1D008C5EBD /* InputButton1UIButton.swift in Sources */,
				42D41BF423C7156A0077DE0C /* TableRaspisanieExamsUIVIew.swift in Sources */,
				420F9D1D23EC11D30096DAB7 /* ErrorViewUIView.swift in Sources */,
				42453971239A518E00126ED6 /* SystemColor.swift in Sources */,
				425467FC2397B656001D26AA /* KeySessionController.swift in Sources */,
				426AD0E723917617003362B1 /* LoginController.swift in Sources */,
				42A8315F23C0B5280012BC66 /* RaspisanieModelTeacher.swift in Sources */,
				424DE36723C3846F00389B53 /* ClassesTeacherUIView.swift in Sources */,
				42A75FD423A14D8C0083B3EC /* RaspisanieModel.swift in Sources */,
				42A75FD223A14A240083B3EC /* TableRaspisanieUIView.swift in Sources */,
				42524D5A23E4248400D9B97E /* UspevByObjTableViewCell.swift in Sources */,
				42D41BF823C71B9B0077DE0C /* TitleT1WLabelUILabel.swift in Sources */,
				4214FDC523B12EDD00F543C9 /* WeekRaspisanieController.swift in Sources */,
				425467FE2398E9E2001D26AA /* UserDataController.swift in Sources */,
				42B21D6223D60BA200E1EC17 /* HttpServiceUspev.swift in Sources */,
				42524D5823E1980F00D9B97E /* UspevStructDataByObject.swift in Sources */,
				425468012398ED18001D26AA /* UserLoginData.swift in Sources */,
				42B21D5923D49D6600E1EC17 /* Title5LabelUILabel.swift in Sources */,
				42CDC01B23B7DEE500A86A42 /* ClassesUIView.swift in Sources */,
				4241408023F13BD700408F9B /* HTTPServicePasswordChanged.swift in Sources */,
				42FC7B2D23CDC57800855FAD /* RspByGroupUIVIew.swift in Sources */,
				424525D4238ED431008C5EBD /* LoginViewController.swift in Sources */,
				42CB259D23CF8C11007DEA69 /* MessegeButtonUIButton.swift in Sources */,
				424525E6238EE133008C5EBD /* Title1LabelUILabel.swift in Sources */,
				42B21D6423D75E9100E1EC17 /* UspevModel.swift in Sources */,
				42453973239AD8CB00126ED6 /* PasswordChangeViewController.swift in Sources */,
				42453975239BED7200126ED6 /* PasswordChangeController.swift in Sources */,
				42CB259B23CF37FA007DEA69 /* InfioTeacherTableViewController.swift in Sources */,
				42B21D6623D778A200E1EC17 /* UspevTableViewCell.swift in Sources */,
				424DE37123C6563B00389B53 /* Title4LabelUILabel.swift in Sources */,
				424DE36923C398EA00389B53 /* SystemDevice.swift in Sources */,
				42A75FD623A152610083B3EC /* HttpServiceRaspisanie.swift in Sources */,
				424525EC238FCB81008C5EBD /* LoginTextFieldUITextField.swift in Sources */,
				42CDC01D23B7E82600A86A42 /* Title3LabelUILabel.swift in Sources */,
				424DE36F23C6477200389B53 /* HomeTableTeacerController.swift in Sources */,
				42B7C86223DB505600BA320B /* UspevStructData.swift in Sources */,
				424525D0238ED431008C5EBD /* AppDelegate.swift in Sources */,
				424525E8238EE8FF008C5EBD /* Title2LabelUILabel.swift in Sources */,
				42A8315B23BFA4F80012BC66 /* MainTableTeacherViewController.swift in Sources */,
				42A8315D23BFB1990012BC66 /* TableRaspisanieTeacerViewController.swift in Sources */,
				424DE37323C65EC400389B53 /* RaspisanieExamModel.swift in Sources */,
				42D41BFA23C758AF0077DE0C /* ExamUIView.swift in Sources */,
				424525E4238ED814008C5EBD /* HomeTableVIewControllerTableViewController.swift in Sources */,
				426AD0EB23940F22003362B1 /* ErrorLabel.swift in Sources */,
				42B21D5F23D608F800E1EC17 /* UspevTableViewController.swift in Sources */,
				426AD0DF2391456A003362B1 /* UserLogin.swift in Sources */,
				4248818723C9D6DF003BB98F /* RspByTeacherUIVIew.swift in Sources */,
				424525D2238ED431008C5EBD /* SceneDelegate.swift in Sources */,
				426AD0E323914961003362B1 /* UserModel.swift in Sources */,
				42A8316223C0B8690012BC66 /* HttpServiceRaspisanieTeacher.swift in Sources */,
				42FC7B2B23CD08F600855FAD /* TableRaspisanieByGroupUIView.swift in Sources */,
				4248818923CA19AC003BB98F /* UserTitleUILabel.swift in Sources */,
				4245396F2399623200126ED6 /* CloseViewUIView.swift in Sources */,
				4248818523C9D0EE003BB98F /* TableRaspisanieByTeacherUIView.swift in Sources */,
				4214FDC123AF96EA00F543C9 /* DayRaspisUIView.swift in Sources */,
			);
			runOnlyForDeploymentPostprocessing = 0;
		};
/* End PBXSourcesBuildPhase section */

/* Begin PBXVariantGroup section */
		424525D5238ED431008C5EBD /* Main.storyboard */ = {
			isa = PBXVariantGroup;
			children = (
				424525D6238ED431008C5EBD /* Base */,
			);
			name = Main.storyboard;
			sourceTree = "<group>";
		};
		424525DA238ED435008C5EBD /* LaunchScreen.storyboard */ = {
			isa = PBXVariantGroup;
			children = (
				424525DB238ED435008C5EBD /* Base */,
			);
			name = LaunchScreen.storyboard;
			sourceTree = "<group>";
		};
/* End PBXVariantGroup section */

/* Begin XCBuildConfiguration section */
		424525DE238ED435008C5EBD /* Debug */ = {
			isa = XCBuildConfiguration;
			buildSettings = {
				ALWAYS_SEARCH_USER_PATHS = NO;
				CLANG_ANALYZER_NONNULL = YES;
				CLANG_ANALYZER_NUMBER_OBJECT_CONVERSION = YES_AGGRESSIVE;
				CLANG_CXX_LANGUAGE_STANDARD = "gnu++14";
				CLANG_CXX_LIBRARY = "libc++";
				CLANG_ENABLE_MODULES = YES;
				CLANG_ENABLE_OBJC_ARC = YES;
				CLANG_ENABLE_OBJC_WEAK = YES;
				CLANG_WARN_BLOCK_CAPTURE_AUTORELEASING = YES;
				CLANG_WARN_BOOL_CONVERSION = YES;
				CLANG_WARN_COMMA = YES;
				CLANG_WARN_CONSTANT_CONVERSION = YES;
				CLANG_WARN_DEPRECATED_OBJC_IMPLEMENTATIONS = YES;
				CLANG_WARN_DIRECT_OBJC_ISA_USAGE = YES_ERROR;
				CLANG_WARN_DOCUMENTATION_COMMENTS = YES;
				CLANG_WARN_EMPTY_BODY = YES;
				CLANG_WARN_ENUM_CONVERSION = YES;
				CLANG_WARN_INFINITE_RECURSION = YES;
				CLANG_WARN_INT_CONVERSION = YES;
				CLANG_WARN_NON_LITERAL_NULL_CONVERSION = YES;
				CLANG_WARN_OBJC_IMPLICIT_RETAIN_SELF = YES;
				CLANG_WARN_OBJC_LITERAL_CONVERSION = YES;
				CLANG_WARN_OBJC_ROOT_CLASS = YES_ERROR;
				CLANG_WARN_RANGE_LOOP_ANALYSIS = YES;
				CLANG_WARN_STRICT_PROTOTYPES = YES;
				CLANG_WARN_SUSPICIOUS_MOVE = YES;
				CLANG_WARN_UNGUARDED_AVAILABILITY = YES_AGGRESSIVE;
				CLANG_WARN_UNREACHABLE_CODE = YES;
				CLANG_WARN__DUPLICATE_METHOD_MATCH = YES;
				COPY_PHASE_STRIP = NO;
				DEBUG_INFORMATION_FORMAT = dwarf;
				ENABLE_STRICT_OBJC_MSGSEND = YES;
				ENABLE_TESTABILITY = YES;
				GCC_C_LANGUAGE_STANDARD = gnu11;
				GCC_DYNAMIC_NO_PIC = NO;
				GCC_NO_COMMON_BLOCKS = YES;
				GCC_OPTIMIZATION_LEVEL = 0;
				GCC_PREPROCESSOR_DEFINITIONS = (
					"DEBUG=1",
					"$(inherited)",
				);
				GCC_WARN_64_TO_32_BIT_CONVERSION = YES;
				GCC_WARN_ABOUT_RETURN_TYPE = YES_ERROR;
				GCC_WARN_UNDECLARED_SELECTOR = YES;
				GCC_WARN_UNINITIALIZED_AUTOS = YES_AGGRESSIVE;
				GCC_WARN_UNUSED_FUNCTION = YES;
				GCC_WARN_UNUSED_VARIABLE = YES;
				IPHONEOS_DEPLOYMENT_TARGET = 13.2;
				MTL_ENABLE_DEBUG_INFO = INCLUDE_SOURCE;
				MTL_FAST_MATH = YES;
				ONLY_ACTIVE_ARCH = YES;
				SDKROOT = iphoneos;
				SWIFT_ACTIVE_COMPILATION_CONDITIONS = DEBUG;
				SWIFT_OPTIMIZATION_LEVEL = "-Onone";
			};
			name = Debug;
		};
		424525DF238ED435008C5EBD /* Release */ = {
			isa = XCBuildConfiguration;
			buildSettings = {
				ALWAYS_SEARCH_USER_PATHS = NO;
				CLANG_ANALYZER_NONNULL = YES;
				CLANG_ANALYZER_NUMBER_OBJECT_CONVERSION = YES_AGGRESSIVE;
				CLANG_CXX_LANGUAGE_STANDARD = "gnu++14";
				CLANG_CXX_LIBRARY = "libc++";
				CLANG_ENABLE_MODULES = YES;
				CLANG_ENABLE_OBJC_ARC = YES;
				CLANG_ENABLE_OBJC_WEAK = YES;
				CLANG_WARN_BLOCK_CAPTURE_AUTORELEASING = YES;
				CLANG_WARN_BOOL_CONVERSION = YES;
				CLANG_WARN_COMMA = YES;
				CLANG_WARN_CONSTANT_CONVERSION = YES;
				CLANG_WARN_DEPRECATED_OBJC_IMPLEMENTATIONS = YES;
				CLANG_WARN_DIRECT_OBJC_ISA_USAGE = YES_ERROR;
				CLANG_WARN_DOCUMENTATION_COMMENTS = YES;
				CLANG_WARN_EMPTY_BODY = YES;
				CLANG_WARN_ENUM_CONVERSION = YES;
				CLANG_WARN_INFINITE_RECURSION = YES;
				CLANG_WARN_INT_CONVERSION = YES;
				CLANG_WARN_NON_LITERAL_NULL_CONVERSION = YES;
				CLANG_WARN_OBJC_IMPLICIT_RETAIN_SELF = YES;
				CLANG_WARN_OBJC_LITERAL_CONVERSION = YES;
				CLANG_WARN_OBJC_ROOT_CLASS = YES_ERROR;
				CLANG_WARN_RANGE_LOOP_ANALYSIS = YES;
				CLANG_WARN_STRICT_PROTOTYPES = YES;
				CLANG_WARN_SUSPICIOUS_MOVE = YES;
				CLANG_WARN_UNGUARDED_AVAILABILITY = YES_AGGRESSIVE;
				CLANG_WARN_UNREACHABLE_CODE = YES;
				CLANG_WARN__DUPLICATE_METHOD_MATCH = YES;
				COPY_PHASE_STRIP = NO;
				DEBUG_INFORMATION_FORMAT = "dwarf-with-dsym";
				ENABLE_NS_ASSERTIONS = NO;
				ENABLE_STRICT_OBJC_MSGSEND = YES;
				GCC_C_LANGUAGE_STANDARD = gnu11;
				GCC_NO_COMMON_BLOCKS = YES;
				GCC_WARN_64_TO_32_BIT_CONVERSION = YES;
				GCC_WARN_ABOUT_RETURN_TYPE = YES_ERROR;
				GCC_WARN_UNDECLARED_SELECTOR = YES;
				GCC_WARN_UNINITIALIZED_AUTOS = YES_AGGRESSIVE;
				GCC_WARN_UNUSED_FUNCTION = YES;
				GCC_WARN_UNUSED_VARIABLE = YES;
				IPHONEOS_DEPLOYMENT_TARGET = 13.2;
				MTL_ENABLE_DEBUG_INFO = NO;
				MTL_FAST_MATH = YES;
				SDKROOT = iphoneos;
				SWIFT_COMPILATION_MODE = wholemodule;
				SWIFT_OPTIMIZATION_LEVEL = "-O";
				VALIDATE_PRODUCT = YES;
			};
			name = Release;
		};
		424525E1238ED435008C5EBD /* Debug */ = {
			isa = XCBuildConfiguration;
			buildSettings = {
				ASSETCATALOG_COMPILER_APPICON_NAME = AppIcon;
				CODE_SIGN_STYLE = Automatic;
				DEVELOPMENT_TEAM = ZVKQ6JXF49;
				INFOPLIST_FILE = "Bazis MADI/Info.plist";
				IPHONEOS_DEPLOYMENT_TARGET = 13.0;
				LD_RUNPATH_SEARCH_PATHS = (
					"$(inherited)",
					"@executable_path/Frameworks",
				);
				PRODUCT_BUNDLE_IDENTIFIER = "-.Bazis-MADI";
				PRODUCT_NAME = "$(TARGET_NAME)";
				SWIFT_VERSION = 5.0;
				TARGETED_DEVICE_FAMILY = "1,2";
			};
			name = Debug;
		};
		424525E2238ED435008C5EBD /* Release */ = {
			isa = XCBuildConfiguration;
			buildSettings = {
				ASSETCATALOG_COMPILER_APPICON_NAME = AppIcon;
				CODE_SIGN_STYLE = Automatic;
				DEVELOPMENT_TEAM = ZVKQ6JXF49;
				INFOPLIST_FILE = "Bazis MADI/Info.plist";
				IPHONEOS_DEPLOYMENT_TARGET = 13.0;
				LD_RUNPATH_SEARCH_PATHS = (
					"$(inherited)",
					"@executable_path/Frameworks",
				);
				PRODUCT_BUNDLE_IDENTIFIER = "-.Bazis-MADI";
				PRODUCT_NAME = "$(TARGET_NAME)";
				SWIFT_VERSION = 5.0;
				TARGETED_DEVICE_FAMILY = "1,2";
			};
			name = Release;
		};
/* End XCBuildConfiguration section */

/* Begin XCConfigurationList section */
		424525C7238ED431008C5EBD /* Build configuration list for PBXProject "Bazis MADI" */ = {
			isa = XCConfigurationList;
			buildConfigurations = (
				424525DE238ED435008C5EBD /* Debug */,
				424525DF238ED435008C5EBD /* Release */,
			);
			defaultConfigurationIsVisible = 0;
			defaultConfigurationName = Release;
		};
		424525E0238ED435008C5EBD /* Build configuration list for PBXNativeTarget "Bazis MADI" */ = {
			isa = XCConfigurationList;
			buildConfigurations = (
				424525E1238ED435008C5EBD /* Debug */,
				424525E2238ED435008C5EBD /* Release */,
			);
			defaultConfigurationIsVisible = 0;
			defaultConfigurationName = Release;
		};
/* End XCConfigurationList section */
	};
	rootObject = 424525C4238ED431008C5EBD /* Project object */;
}
